PODS:
  - Alamofire (4.8.2)
  - AlamofireImage (3.5.2):
    - Alamofire (~> 4.8)
  - HandyJSON (5.0.0)
  - KUIPopOver (1.1.2)
  - Masonry (1.1.0)
  - MJRefresh (3.2.0)
  - SKPhotoBrowser (6.1.0)
  - SwiftMessages (7.0.0):
    - SwiftMessages/App (= 7.0.0)
  - SwiftMessages/App (7.0.0)

DEPENDENCIES:
  - Alamofire
  - AlamofireImage
  - HandyJSON
  - KUIPopOver
  - Masonry
  - MJRefresh
  - SKPhotoBrowser
  - SwiftMessages

SPEC REPOS:
  https://github.com/cocoapods/specs.git:
    - Alamofire
    - AlamofireImage
    - HandyJSON
    - KUIPopOver
    - Masonry
    - MJRefresh
    - SKPhotoBrowser
    - SwiftMessages

SPEC CHECKSUMS:
  Alamofire: ae5c501addb7afdbb13687d7f2f722c78734c2d3
  AlamofireImage: 63cfe3baf1370be6c498149687cf6db3e3b00999
  HandyJSON: 992f2d661716d6a91de82d0056927bc7813b5770
  KUIPopOver: fc7ccb3c1c1ada51f5251477a7993ec452e3eefb
  Masonry: 678fab65091a9290e40e2832a55e7ab731aad201
  MJRefresh: ed450d6eb9d3346a2cb033ab7eb6de090aeef437
  SKPhotoBrowser: 343de95d89dc7913763c5dda243cc6e606e4a168
  SwiftMessages: a952f7a9103d9aeab93730a2861d2d8fcdd8758f

PODFILE CHECKSUM: 6c94bee013e128951c83e400bf8b33dbe9129be8

COCOAPODS: 1.6.1
