// !$*UTF8*$!
{
	archiveVersion = 1;
	classes = {
	};
	objectVersion = 50;
	objects = {

/* Begin PBXBuildFile section */
		4D106CF322BBA4DF000EF71D /* HomeDetailViewController.m in Sources */ = {isa = PBXBuildFile; fileRef = 4D106CEF22BBA4DE000EF71D /* HomeDetailViewController.m */; };
		4D106CF422BBA4DF000EF71D /* HomeViewController.m in Sources */ = {isa = PBXBuildFile; fileRef = 4D106CF122BBA4DF000EF71D /* HomeViewController.m */; };
		4D106D1422BBA4FE000EF71D /* FunctionViewController.m in Sources */ = {isa = PBXBuildFile; fileRef = 4D106CF622BBA4FE000EF71D /* FunctionViewController.m */; };
		4D106D1522BBA4FE000EF71D /* CenterViewController.m in Sources */ = {isa = PBXBuildFile; fileRef = 4D106CF722BBA4FE000EF71D /* CenterViewController.m */; };
		4D106D1622BBA4FE000EF71D /* WBTool.m in Sources */ = {isa = PBXBuildFile; fileRef = 4D106CF822BBA4FE000EF71D /* WBTool.m */; };
		4D106D1722BBA4FE000EF71D /* CommunityViewController.m in Sources */ = {isa = PBXBuildFile; fileRef = 4D106CFA22BBA4FE000EF71D /* CommunityViewController.m */; };
		4D106D1822BBA4FE000EF71D /* UILabel+Size.m in Sources */ = {isa = PBXBuildFile; fileRef = 4D106CFB22BBA4FE000EF71D /* UILabel+Size.m */; };
		4D106D1922BBA4FE000EF71D /* UIColor+ConvertColor.m in Sources */ = {isa = PBXBuildFile; fileRef = 4D106D0022BBA4FE000EF71D /* UIColor+ConvertColor.m */; };
		4D106D1A22BBA4FE000EF71D /* MineViewController.m in Sources */ = {isa = PBXBuildFile; fileRef = 4D106D0322BBA4FE000EF71D /* MineViewController.m */; };
		4D106D1B22BBA4FE000EF71D /* TabBarController.m in Sources */ = {isa = PBXBuildFile; fileRef = 4D106D0522BBA4FE000EF71D /* TabBarController.m */; };
		4D106D1C22BBA4FE000EF71D /* Tabbar.m in Sources */ = {isa = PBXBuildFile; fileRef = 4D106D0622BBA4FE000EF71D /* Tabbar.m */; };
		4D1C337522C0A8EF003F931C /* Router.swift in Sources */ = {isa = PBXBuildFile; fileRef = 4D1C337422C0A8EF003F931C /* Router.swift */; };
		4D1C337922C0ACAE003F931C /* Convenient.swift in Sources */ = {isa = PBXBuildFile; fileRef = 4D1C337822C0ACAE003F931C /* Convenient.swift */; };
		4D1C338722C0ACEF003F931C /* SKColor+Extensions.swift in Sources */ = {isa = PBXBuildFile; fileRef = 4D1C337B22C0ACEF003F931C /* SKColor+Extensions.swift */; };
		4D1C338822C0ACEF003F931C /* CGVector+Extensions.swift in Sources */ = {isa = PBXBuildFile; fileRef = 4D1C337C22C0ACEF003F931C /* CGVector+Extensions.swift */; };
		4D1C338922C0ACEF003F931C /* Int+Extensions.swift in Sources */ = {isa = PBXBuildFile; fileRef = 4D1C337D22C0ACEF003F931C /* Int+Extensions.swift */; };
		4D1C338A22C0ACEF003F931C /* SKTTimingFunctions.swift in Sources */ = {isa = PBXBuildFile; fileRef = 4D1C337E22C0ACEF003F931C /* SKTTimingFunctions.swift */; };
		4D1C338B22C0ACEF003F931C /* SKAction+Extensions.swift in Sources */ = {isa = PBXBuildFile; fileRef = 4D1C337F22C0ACEF003F931C /* SKAction+Extensions.swift */; };
		4D1C338C22C0ACEF003F931C /* SKAction+SpecialEffects.swift in Sources */ = {isa = PBXBuildFile; fileRef = 4D1C338022C0ACEF003F931C /* SKAction+SpecialEffects.swift */; };
		4D1C338D22C0ACEF003F931C /* SKNode+Extensions.swift in Sources */ = {isa = PBXBuildFile; fileRef = 4D1C338122C0ACEF003F931C /* SKNode+Extensions.swift */; };
		4D1C338E22C0ACEF003F931C /* CGPoint+Extensions.swift in Sources */ = {isa = PBXBuildFile; fileRef = 4D1C338222C0ACEF003F931C /* CGPoint+Extensions.swift */; };
		4D1C338F22C0ACEF003F931C /* SKTEffects.swift in Sources */ = {isa = PBXBuildFile; fileRef = 4D1C338322C0ACEF003F931C /* SKTEffects.swift */; };
		4D1C339022C0ACEF003F931C /* SKTAudio.swift in Sources */ = {isa = PBXBuildFile; fileRef = 4D1C338422C0ACEF003F931C /* SKTAudio.swift */; };
		4D1C339122C0ACEF003F931C /* Vector3.swift in Sources */ = {isa = PBXBuildFile; fileRef = 4D1C338522C0ACEF003F931C /* Vector3.swift */; };
		4D1C339222C0ACEF003F931C /* CGFloat+Extensions.swift in Sources */ = {isa = PBXBuildFile; fileRef = 4D1C338622C0ACEF003F931C /* CGFloat+Extensions.swift */; };
		4D1C339422C0B45F003F931C /* XReferenceVC.swift in Sources */ = {isa = PBXBuildFile; fileRef = 4D1C339322C0B45F003F931C /* XReferenceVC.swift */; };
		4D1C339622C0DF3E003F931C /* IBInspectable.swift in Sources */ = {isa = PBXBuildFile; fileRef = 4D1C339522C0DF3E003F931C /* IBInspectable.swift */; };
		4D1C339822C0DF75003F931C /* PMSuperButton.swift in Sources */ = {isa = PBXBuildFile; fileRef = 4D1C339722C0DF75003F931C /* PMSuperButton.swift */; };
		4D1C339A22C0E077003F931C /* NotiView.swift in Sources */ = {isa = PBXBuildFile; fileRef = 4D1C339922C0E077003F931C /* NotiView.swift */; };
		4D2BAE6422C46DFC00CEDC7F /* MeAvatarCell.swift in Sources */ = {isa = PBXBuildFile; fileRef = 4D2BAE5F22C46DFC00CEDC7F /* MeAvatarCell.swift */; };
		4D2BAE6522C46DFC00CEDC7F /* MeAvatarCell.xib in Resources */ = {isa = PBXBuildFile; fileRef = 4D2BAE6022C46DFC00CEDC7F /* MeAvatarCell.xib */; };
		4D2BAE6622C46DFC00CEDC7F /* MeItemCell.xib in Resources */ = {isa = PBXBuildFile; fileRef = 4D2BAE6122C46DFC00CEDC7F /* MeItemCell.xib */; };
		4D2BAE6722C46DFC00CEDC7F /* MeItemCell.swift in Sources */ = {isa = PBXBuildFile; fileRef = 4D2BAE6222C46DFC00CEDC7F /* MeItemCell.swift */; };
		4D2BAE6822C46DFC00CEDC7F /* MeVC.swift in Sources */ = {isa = PBXBuildFile; fileRef = 4D2BAE6322C46DFC00CEDC7F /* MeVC.swift */; };
		4D2BAE6C22C5EC9D00CEDC7F /* XSpeechControl.swift in Sources */ = {isa = PBXBuildFile; fileRef = 4D2BAE6B22C5EC9D00CEDC7F /* XSpeechControl.swift */; };
		4D43FCBA22C9EDC400874B61 /* SpeechRecognizerVC.swift in Sources */ = {isa = PBXBuildFile; fileRef = 4D43FCB822C9EDC400874B61 /* SpeechRecognizerVC.swift */; };
		4D43FCBB22C9EDC400874B61 /* SpeechRecognizerVC.xib in Resources */ = {isa = PBXBuildFile; fileRef = 4D43FCB922C9EDC400874B61 /* SpeechRecognizerVC.xib */; };
		4D43FCBE22C9FBBA00874B61 /* KYWaterWaveView.m in Sources */ = {isa = PBXBuildFile; fileRef = 4D43FCBC22C9FBBA00874B61 /* KYWaterWaveView.m */; };
		4D43FCC022CAE89300874B61 /* XNetwork.swift in Sources */ = {isa = PBXBuildFile; fileRef = 4D43FCBF22CAE89300874B61 /* XNetwork.swift */; };
		4D43FCC222CC3D8800874B61 /* HomeDataModel.swift in Sources */ = {isa = PBXBuildFile; fileRef = 4D43FCC122CC3D8800874B61 /* HomeDataModel.swift */; };
		4D43FCC422CC967E00874B61 /* HomeCell.swift in Sources */ = {isa = PBXBuildFile; fileRef = 4D43FCC322CC967E00874B61 /* HomeCell.swift */; };
		4D43FCC622CDA47C00874B61 /* CommunityDataModel.swift in Sources */ = {isa = PBXBuildFile; fileRef = 4D43FCC522CDA47C00874B61 /* CommunityDataModel.swift */; };
		4D43FE0222CEF76200874B61 /* frame-1.png in Resources */ = {isa = PBXBuildFile; fileRef = 4D43FDDA22CEF75900874B61 /* frame-1.png */; };
		4D43FE0322CEF76200874B61 /* frame-16.png in Resources */ = {isa = PBXBuildFile; fileRef = 4D43FDDB22CEF75900874B61 /* frame-16.png */; };
		4D43FE0422CEF76200874B61 /* frame-26.png in Resources */ = {isa = PBXBuildFile; fileRef = 4D43FDDC22CEF75900874B61 /* frame-26.png */; };
		4D43FE0522CEF76200874B61 /* frame-7.png in Resources */ = {isa = PBXBuildFile; fileRef = 4D43FDDD22CEF75900874B61 /* frame-7.png */; };
		4D43FE0622CEF76200874B61 /* frame-35.png in Resources */ = {isa = PBXBuildFile; fileRef = 4D43FDDE22CEF75A00874B61 /* frame-35.png */; };
		4D43FE0722CEF76200874B61 /* frame-24.png in Resources */ = {isa = PBXBuildFile; fileRef = 4D43FDDF22CEF75A00874B61 /* frame-24.png */; };
		4D43FE0822CEF76200874B61 /* frame-9.png in Resources */ = {isa = PBXBuildFile; fileRef = 4D43FDE022CEF75A00874B61 /* frame-9.png */; };
		4D43FE0922CEF76200874B61 /* frame-34.png in Resources */ = {isa = PBXBuildFile; fileRef = 4D43FDE122CEF75A00874B61 /* frame-34.png */; };
		4D43FE0A22CEF76200874B61 /* frame-37.png in Resources */ = {isa = PBXBuildFile; fileRef = 4D43FDE222CEF75A00874B61 /* frame-37.png */; };
		4D43FE0B22CEF76200874B61 /* frame-11.png in Resources */ = {isa = PBXBuildFile; fileRef = 4D43FDE322CEF75B00874B61 /* frame-11.png */; };
		4D43FE0C22CEF76200874B61 /* frame-17.png in Resources */ = {isa = PBXBuildFile; fileRef = 4D43FDE422CEF75B00874B61 /* frame-17.png */; };
		4D43FE0D22CEF76200874B61 /* frame-5.png in Resources */ = {isa = PBXBuildFile; fileRef = 4D43FDE522CEF75B00874B61 /* frame-5.png */; };
		4D43FE0E22CEF76200874B61 /* frame-33.png in Resources */ = {isa = PBXBuildFile; fileRef = 4D43FDE622CEF75C00874B61 /* frame-33.png */; };
		4D43FE0F22CEF76200874B61 /* frame-30.png in Resources */ = {isa = PBXBuildFile; fileRef = 4D43FDE722CEF75C00874B61 /* frame-30.png */; };
		4D43FE1022CEF76200874B61 /* frame-0.png in Resources */ = {isa = PBXBuildFile; fileRef = 4D43FDE822CEF75C00874B61 /* frame-0.png */; };
		4D43FE1122CEF76200874B61 /* frame-13.png in Resources */ = {isa = PBXBuildFile; fileRef = 4D43FDE922CEF75C00874B61 /* frame-13.png */; };
		4D43FE1222CEF76200874B61 /* frame-6.png in Resources */ = {isa = PBXBuildFile; fileRef = 4D43FDEA22CEF75D00874B61 /* frame-6.png */; };
		4D43FE1322CEF76200874B61 /* frame-19.png in Resources */ = {isa = PBXBuildFile; fileRef = 4D43FDEB22CEF75D00874B61 /* frame-19.png */; };
		4D43FE1422CEF76200874B61 /* frame-28.png in Resources */ = {isa = PBXBuildFile; fileRef = 4D43FDEC22CEF75D00874B61 /* frame-28.png */; };
		4D43FE1522CEF76200874B61 /* frame-10.png in Resources */ = {isa = PBXBuildFile; fileRef = 4D43FDED22CEF75D00874B61 /* frame-10.png */; };
		4D43FE1622CEF76300874B61 /* frame-12.png in Resources */ = {isa = PBXBuildFile; fileRef = 4D43FDEE22CEF75D00874B61 /* frame-12.png */; };
		4D43FE1722CEF76300874B61 /* frame-18.png in Resources */ = {isa = PBXBuildFile; fileRef = 4D43FDEF22CEF75E00874B61 /* frame-18.png */; };
		4D43FE1822CEF76300874B61 /* frame-4.png in Resources */ = {isa = PBXBuildFile; fileRef = 4D43FDF022CEF75E00874B61 /* frame-4.png */; };
		4D43FE1922CEF76300874B61 /* frame-27.png in Resources */ = {isa = PBXBuildFile; fileRef = 4D43FDF122CEF75E00874B61 /* frame-27.png */; };
		4D43FE1A22CEF76300874B61 /* frame-31.png in Resources */ = {isa = PBXBuildFile; fileRef = 4D43FDF222CEF75F00874B61 /* frame-31.png */; };
		4D43FE1B22CEF76300874B61 /* frame-29.png in Resources */ = {isa = PBXBuildFile; fileRef = 4D43FDF322CEF75F00874B61 /* frame-29.png */; };
		4D43FE1C22CEF76300874B61 /* frame-36.png in Resources */ = {isa = PBXBuildFile; fileRef = 4D43FDF422CEF75F00874B61 /* frame-36.png */; };
		4D43FE1D22CEF76300874B61 /* frame-38.png in Resources */ = {isa = PBXBuildFile; fileRef = 4D43FDF522CEF75F00874B61 /* frame-38.png */; };
		4D43FE1E22CEF76300874B61 /* frame-32.png in Resources */ = {isa = PBXBuildFile; fileRef = 4D43FDF622CEF76000874B61 /* frame-32.png */; };
		4D43FE1F22CEF76300874B61 /* frame-23.png in Resources */ = {isa = PBXBuildFile; fileRef = 4D43FDF722CEF76000874B61 /* frame-23.png */; };
		4D43FE2022CEF76300874B61 /* frame-2.png in Resources */ = {isa = PBXBuildFile; fileRef = 4D43FDF822CEF76000874B61 /* frame-2.png */; };
		4D43FE2122CEF76300874B61 /* frame-21.png in Resources */ = {isa = PBXBuildFile; fileRef = 4D43FDF922CEF76000874B61 /* frame-21.png */; };
		4D43FE2222CEF76300874B61 /* frame-25.png in Resources */ = {isa = PBXBuildFile; fileRef = 4D43FDFA22CEF76100874B61 /* frame-25.png */; };
		4D43FE2322CEF76300874B61 /* frame-22.png in Resources */ = {isa = PBXBuildFile; fileRef = 4D43FDFB22CEF76100874B61 /* frame-22.png */; };
		4D43FE2422CEF76300874B61 /* frame-14.png in Resources */ = {isa = PBXBuildFile; fileRef = 4D43FDFC22CEF76100874B61 /* frame-14.png */; };
		4D43FE2522CEF76300874B61 /* frame-3.png in Resources */ = {isa = PBXBuildFile; fileRef = 4D43FDFD22CEF76100874B61 /* frame-3.png */; };
		4D43FE2622CEF76300874B61 /* frame-8.png in Resources */ = {isa = PBXBuildFile; fileRef = 4D43FDFE22CEF76200874B61 /* frame-8.png */; };
		4D43FE2722CEF76300874B61 /* frame-15.png in Resources */ = {isa = PBXBuildFile; fileRef = 4D43FDFF22CEF76200874B61 /* frame-15.png */; };
		4D43FE2822CEF76300874B61 /* frame-20.png in Resources */ = {isa = PBXBuildFile; fileRef = 4D43FE0022CEF76200874B61 /* frame-20.png */; };
		4D43FE2922CEF76300874B61 /* frame-39.png in Resources */ = {isa = PBXBuildFile; fileRef = 4D43FE0122CEF76200874B61 /* frame-39.png */; };
		4D43FE4822CEFC4700874B61 /* loading20.png in Resources */ = {isa = PBXBuildFile; fileRef = 4D43FE2A22CEFC3F00874B61 /* loading20.png */; };
		4D43FE4922CEFC4700874B61 /* loading27.png in Resources */ = {isa = PBXBuildFile; fileRef = 4D43FE2B22CEFC3F00874B61 /* loading27.png */; };
		4D43FE4A22CEFC4700874B61 /* loading23.png in Resources */ = {isa = PBXBuildFile; fileRef = 4D43FE2C22CEFC4000874B61 /* loading23.png */; };
		4D43FE4B22CEFC4700874B61 /* loading3.png in Resources */ = {isa = PBXBuildFile; fileRef = 4D43FE2D22CEFC4000874B61 /* loading3.png */; };
		4D43FE4C22CEFC4700874B61 /* loading14.png in Resources */ = {isa = PBXBuildFile; fileRef = 4D43FE2E22CEFC4000874B61 /* loading14.png */; };
		4D43FE4D22CEFC4700874B61 /* loading15.png in Resources */ = {isa = PBXBuildFile; fileRef = 4D43FE2F22CEFC4100874B61 /* loading15.png */; };
		4D43FE4E22CEFC4700874B61 /* loading16.png in Resources */ = {isa = PBXBuildFile; fileRef = 4D43FE3022CEFC4100874B61 /* loading16.png */; };
		4D43FE4F22CEFC4700874B61 /* loading6.png in Resources */ = {isa = PBXBuildFile; fileRef = 4D43FE3122CEFC4100874B61 /* loading6.png */; };
		4D43FE5022CEFC4700874B61 /* loading22.png in Resources */ = {isa = PBXBuildFile; fileRef = 4D43FE3222CEFC4100874B61 /* loading22.png */; };
		4D43FE5122CEFC4700874B61 /* loading5.png in Resources */ = {isa = PBXBuildFile; fileRef = 4D43FE3322CEFC4200874B61 /* loading5.png */; };
		4D43FE5222CEFC4700874B61 /* loading12.png in Resources */ = {isa = PBXBuildFile; fileRef = 4D43FE3422CEFC4200874B61 /* loading12.png */; };
		4D43FE5322CEFC4700874B61 /* loading4.png in Resources */ = {isa = PBXBuildFile; fileRef = 4D43FE3522CEFC4200874B61 /* loading4.png */; };
		4D43FE5422CEFC4700874B61 /* loading8.png in Resources */ = {isa = PBXBuildFile; fileRef = 4D43FE3622CEFC4200874B61 /* loading8.png */; };
		4D43FE5522CEFC4700874B61 /* loading9.png in Resources */ = {isa = PBXBuildFile; fileRef = 4D43FE3722CEFC4300874B61 /* loading9.png */; };
		4D43FE5622CEFC4700874B61 /* loading28.png in Resources */ = {isa = PBXBuildFile; fileRef = 4D43FE3822CEFC4300874B61 /* loading28.png */; };
		4D43FE5722CEFC4700874B61 /* loading19.png in Resources */ = {isa = PBXBuildFile; fileRef = 4D43FE3922CEFC4300874B61 /* loading19.png */; };
		4D43FE5822CEFC4700874B61 /* loading7.png in Resources */ = {isa = PBXBuildFile; fileRef = 4D43FE3A22CEFC4400874B61 /* loading7.png */; };
		4D43FE5922CEFC4700874B61 /* loading2.png in Resources */ = {isa = PBXBuildFile; fileRef = 4D43FE3B22CEFC4400874B61 /* loading2.png */; };
		4D43FE5A22CEFC4700874B61 /* loading11.png in Resources */ = {isa = PBXBuildFile; fileRef = 4D43FE3C22CEFC4400874B61 /* loading11.png */; };
		4D43FE5B22CEFC4700874B61 /* loading13.png in Resources */ = {isa = PBXBuildFile; fileRef = 4D43FE3D22CEFC4400874B61 /* loading13.png */; };
		4D43FE5C22CEFC4700874B61 /* loading18.png in Resources */ = {isa = PBXBuildFile; fileRef = 4D43FE3E22CEFC4500874B61 /* loading18.png */; };
		4D43FE5D22CEFC4700874B61 /* loading0.png in Resources */ = {isa = PBXBuildFile; fileRef = 4D43FE3F22CEFC4500874B61 /* loading0.png */; };
		4D43FE5E22CEFC4700874B61 /* loading17.png in Resources */ = {isa = PBXBuildFile; fileRef = 4D43FE4022CEFC4500874B61 /* loading17.png */; };
		4D43FE5F22CEFC4700874B61 /* loading29.png in Resources */ = {isa = PBXBuildFile; fileRef = 4D43FE4122CEFC4500874B61 /* loading29.png */; };
		4D43FE6022CEFC4700874B61 /* loading10.png in Resources */ = {isa = PBXBuildFile; fileRef = 4D43FE4222CEFC4600874B61 /* loading10.png */; };
		4D43FE6122CEFC4700874B61 /* loading1.png in Resources */ = {isa = PBXBuildFile; fileRef = 4D43FE4322CEFC4600874B61 /* loading1.png */; };
		4D43FE6222CEFC4700874B61 /* loading24.png in Resources */ = {isa = PBXBuildFile; fileRef = 4D43FE4422CEFC4600874B61 /* loading24.png */; };
		4D43FE6322CEFC4700874B61 /* loading26.png in Resources */ = {isa = PBXBuildFile; fileRef = 4D43FE4522CEFC4600874B61 /* loading26.png */; };
		4D43FE6422CEFC4700874B61 /* loading25.png in Resources */ = {isa = PBXBuildFile; fileRef = 4D43FE4622CEFC4700874B61 /* loading25.png */; };
		4D43FE6522CEFC4700874B61 /* loading21.png in Resources */ = {isa = PBXBuildFile; fileRef = 4D43FE4722CEFC4700874B61 /* loading21.png */; };
		4D43FE6722CF388400874B61 /* HomeImageView.xib in Resources */ = {isa = PBXBuildFile; fileRef = 4D43FE6622CF388400874B61 /* HomeImageView.xib */; };
		4D43FE6A22CF3D2C00874B61 /* HomeListVC.swift in Sources */ = {isa = PBXBuildFile; fileRef = 4D43FE6822CF3D2C00874B61 /* HomeListVC.swift */; };
		4D43FE6B22CF3D2C00874B61 /* HomeListVC.xib in Resources */ = {isa = PBXBuildFile; fileRef = 4D43FE6922CF3D2C00874B61 /* HomeListVC.xib */; };
		4D43FE6D22CF486300874B61 /* HomeListCell.swift in Sources */ = {isa = PBXBuildFile; fileRef = 4D43FE6C22CF486300874B61 /* HomeListCell.swift */; };
		4D43FE6F22CF494000874B61 /* HomeImageView.swift in Sources */ = {isa = PBXBuildFile; fileRef = 4D43FE6E22CF494000874B61 /* HomeImageView.swift */; };
		4D43FE7222CF4C6C00874B61 /* HomeDetailVC.swift in Sources */ = {isa = PBXBuildFile; fileRef = 4D43FE7022CF4C6C00874B61 /* HomeDetailVC.swift */; };
		4D43FE7322CF4C6C00874B61 /* HomeDetailVC.xib in Resources */ = {isa = PBXBuildFile; fileRef = 4D43FE7122CF4C6C00874B61 /* HomeDetailVC.xib */; };
		4D4AB8A722BC7BBA00162D73 /* WordTextCell.swift in Sources */ = {isa = PBXBuildFile; fileRef = 4D4AB8A522BC7BBA00162D73 /* WordTextCell.swift */; };
		4D4AB8A822BC7BBA00162D73 /* WordTextCell.xib in Resources */ = {isa = PBXBuildFile; fileRef = 4D4AB8A622BC7BBA00162D73 /* WordTextCell.xib */; };
		4D4AB8AB22BCBAB700162D73 /* LabelCell.swift in Sources */ = {isa = PBXBuildFile; fileRef = 4D4AB8A922BCBAB700162D73 /* LabelCell.swift */; };
		4D4AB8AC22BCBAB700162D73 /* LabelCell.xib in Resources */ = {isa = PBXBuildFile; fileRef = 4D4AB8AA22BCBAB700162D73 /* LabelCell.xib */; };
		4D87A1C222C3130F00873D55 /* CommentCell.swift in Sources */ = {isa = PBXBuildFile; fileRef = 4D87A1C022C3130F00873D55 /* CommentCell.swift */; };
		4D87A1C322C3130F00873D55 /* CommentCell.xib in Resources */ = {isa = PBXBuildFile; fileRef = 4D87A1C122C3130F00873D55 /* CommentCell.xib */; };
		4D87A1C622C31D6600873D55 /* CommunityListVC.swift in Sources */ = {isa = PBXBuildFile; fileRef = 4D87A1C522C31D6600873D55 /* CommunityListVC.swift */; };
		4D87A1C922C31FA700873D55 /* CommunityListCell.swift in Sources */ = {isa = PBXBuildFile; fileRef = 4D87A1C722C31FA700873D55 /* CommunityListCell.swift */; };
		4D87A1CA22C31FA700873D55 /* CommunityListCell.xib in Resources */ = {isa = PBXBuildFile; fileRef = 4D87A1C822C31FA700873D55 /* CommunityListCell.xib */; };
		4D87A1CC22C320AE00873D55 /* CommunityButtonsView.swift in Sources */ = {isa = PBXBuildFile; fileRef = 4D87A1CB22C320AE00873D55 /* CommunityButtonsView.swift */; };
		4D87A1CE22C320BB00873D55 /* CommunityButtonsView.xib in Resources */ = {isa = PBXBuildFile; fileRef = 4D87A1CD22C320BB00873D55 /* CommunityButtonsView.xib */; };
		4D87A1D022C33F5D00873D55 /* ImageDisplayView.swift in Sources */ = {isa = PBXBuildFile; fileRef = 4D87A1CF22C33F5D00873D55 /* ImageDisplayView.swift */; };
		4D87A1D222C34A9400873D55 /* ImageDisplayView4.xib in Resources */ = {isa = PBXBuildFile; fileRef = 4D87A1D122C34A9400873D55 /* ImageDisplayView4.xib */; };
		4D87A1D522C3675F00873D55 /* Appfile in Resources */ = {isa = PBXBuildFile; fileRef = 4D87A1D322C3675F00873D55 /* Appfile */; };
		4D87A1D622C3675F00873D55 /* Fastfile in Resources */ = {isa = PBXBuildFile; fileRef = 4D87A1D422C3675F00873D55 /* Fastfile */; };
		4DC7367222AE67FA0040FF0D /* AppDelegate.swift in Sources */ = {isa = PBXBuildFile; fileRef = 4DC7367122AE67FA0040FF0D /* AppDelegate.swift */; };
		4DC7367922AE67FC0040FF0D /* Assets.xcassets in Resources */ = {isa = PBXBuildFile; fileRef = 4DC7367822AE67FC0040FF0D /* Assets.xcassets */; };
		4DC7367C22AE67FC0040FF0D /* LaunchScreen.storyboard in Resources */ = {isa = PBXBuildFile; fileRef = 4DC7367A22AE67FC0040FF0D /* LaunchScreen.storyboard */; };
		4DC7368722AE67FC0040FF0D /* ChienglishTests.swift in Sources */ = {isa = PBXBuildFile; fileRef = 4DC7368622AE67FC0040FF0D /* ChienglishTests.swift */; };
		4DC7369222AE67FC0040FF0D /* ChienglishUITests.swift in Sources */ = {isa = PBXBuildFile; fileRef = 4DC7369122AE67FC0040FF0D /* ChienglishUITests.swift */; };
		4DC736A022B1ED7E0040FF0D /* WordTextView.swift in Sources */ = {isa = PBXBuildFile; fileRef = 4DC7369F22B1ED7E0040FF0D /* WordTextView.swift */; };
		674528EBAE036008C9A65E08 /* Pods_ChienglishUITests.framework in Frameworks */ = {isa = PBXBuildFile; fileRef = DE7DAA2F9630BB0EC28DADB0 /* Pods_ChienglishUITests.framework */; };
		7054263110D90B22C579ECF1 /* Pods_Chienglish.framework in Frameworks */ = {isa = PBXBuildFile; fileRef = E15D7790DC92C90B8E9F0C04 /* Pods_Chienglish.framework */; };
		92F9E1870E511C1207F59C67 /* Pods_ChienglishTests.framework in Frameworks */ = {isa = PBXBuildFile; fileRef = 7AEE4BE6D3D8FD6CCE507339 /* Pods_ChienglishTests.framework */; };
/* End PBXBuildFile section */

/* Begin PBXContainerItemProxy section */
		4DC7368322AE67FC0040FF0D /* PBXContainerItemProxy */ = {
			isa = PBXContainerItemProxy;
			containerPortal = 4DC7366622AE67FA0040FF0D /* Project object */;
			proxyType = 1;
			remoteGlobalIDString = 4DC7366D22AE67FA0040FF0D;
			remoteInfo = Chienglish;
		};
		4DC7368E22AE67FC0040FF0D /* PBXContainerItemProxy */ = {
			isa = PBXContainerItemProxy;
			containerPortal = 4DC7366622AE67FA0040FF0D /* Project object */;
			proxyType = 1;
			remoteGlobalIDString = 4DC7366D22AE67FA0040FF0D;
			remoteInfo = Chienglish;
		};
/* End PBXContainerItemProxy section */

/* Begin PBXFileReference section */
		2C27BC11FD44E49E8E2727CE /* Pods-ChienglishTests.debug.xcconfig */ = {isa = PBXFileReference; includeInIndex = 1; lastKnownFileType = text.xcconfig; name = "Pods-ChienglishTests.debug.xcconfig"; path = "Target Support Files/Pods-ChienglishTests/Pods-ChienglishTests.debug.xcconfig"; sourceTree = "<group>"; };
		4D106CEB22BBA4DE000EF71D /* Chienglish-Bridging-Header.h */ = {isa = PBXFileReference; lastKnownFileType = sourcecode.c.h; path = "Chienglish-Bridging-Header.h"; sourceTree = "<group>"; };
		4D106CEC22BBA4DE000EF71D /* HomeDetailViewController.h */ = {isa = PBXFileReference; fileEncoding = 4; lastKnownFileType = sourcecode.c.h; path = HomeDetailViewController.h; sourceTree = "<group>"; };
		4D106CEF22BBA4DE000EF71D /* HomeDetailViewController.m */ = {isa = PBXFileReference; fileEncoding = 4; lastKnownFileType = sourcecode.c.objc; path = HomeDetailViewController.m; sourceTree = "<group>"; };
		4D106CF022BBA4DF000EF71D /* HomeViewController.h */ = {isa = PBXFileReference; fileEncoding = 4; lastKnownFileType = sourcecode.c.h; path = HomeViewController.h; sourceTree = "<group>"; };
		4D106CF122BBA4DF000EF71D /* HomeViewController.m */ = {isa = PBXFileReference; fileEncoding = 4; lastKnownFileType = sourcecode.c.objc; path = HomeViewController.m; sourceTree = "<group>"; };
		4D106CF622BBA4FE000EF71D /* FunctionViewController.m */ = {isa = PBXFileReference; fileEncoding = 4; lastKnownFileType = sourcecode.c.objc; path = FunctionViewController.m; sourceTree = "<group>"; };
		4D106CF722BBA4FE000EF71D /* CenterViewController.m */ = {isa = PBXFileReference; fileEncoding = 4; lastKnownFileType = sourcecode.c.objc; path = CenterViewController.m; sourceTree = "<group>"; };
		4D106CF822BBA4FE000EF71D /* WBTool.m */ = {isa = PBXFileReference; fileEncoding = 4; lastKnownFileType = sourcecode.c.objc; path = WBTool.m; sourceTree = "<group>"; };
		4D106CF922BBA4FE000EF71D /* UIColor+ConvertColor.h */ = {isa = PBXFileReference; fileEncoding = 4; lastKnownFileType = sourcecode.c.h; path = "UIColor+ConvertColor.h"; sourceTree = "<group>"; };
		4D106CFA22BBA4FE000EF71D /* CommunityViewController.m */ = {isa = PBXFileReference; fileEncoding = 4; lastKnownFileType = sourcecode.c.objc; path = CommunityViewController.m; sourceTree = "<group>"; };
		4D106CFB22BBA4FE000EF71D /* UILabel+Size.m */ = {isa = PBXFileReference; fileEncoding = 4; lastKnownFileType = sourcecode.c.objc; path = "UILabel+Size.m"; sourceTree = "<group>"; };
		4D106CFC22BBA4FE000EF71D /* MineViewController.h */ = {isa = PBXFileReference; fileEncoding = 4; lastKnownFileType = sourcecode.c.h; path = MineViewController.h; sourceTree = "<group>"; };
		4D106CFD22BBA4FE000EF71D /* CenterViewController.h */ = {isa = PBXFileReference; fileEncoding = 4; lastKnownFileType = sourcecode.c.h; path = CenterViewController.h; sourceTree = "<group>"; };
		4D106CFE22BBA4FE000EF71D /* FunctionViewController.h */ = {isa = PBXFileReference; fileEncoding = 4; lastKnownFileType = sourcecode.c.h; path = FunctionViewController.h; sourceTree = "<group>"; };
		4D106CFF22BBA4FE000EF71D /* CommunityViewController.h */ = {isa = PBXFileReference; fileEncoding = 4; lastKnownFileType = sourcecode.c.h; path = CommunityViewController.h; sourceTree = "<group>"; };
		4D106D0022BBA4FE000EF71D /* UIColor+ConvertColor.m */ = {isa = PBXFileReference; fileEncoding = 4; lastKnownFileType = sourcecode.c.objc; path = "UIColor+ConvertColor.m"; sourceTree = "<group>"; };
		4D106D0122BBA4FE000EF71D /* WBTool.h */ = {isa = PBXFileReference; fileEncoding = 4; lastKnownFileType = sourcecode.c.h; path = WBTool.h; sourceTree = "<group>"; };
		4D106D0222BBA4FE000EF71D /* UILabel+Size.h */ = {isa = PBXFileReference; fileEncoding = 4; lastKnownFileType = sourcecode.c.h; path = "UILabel+Size.h"; sourceTree = "<group>"; };
		4D106D0322BBA4FE000EF71D /* MineViewController.m */ = {isa = PBXFileReference; fileEncoding = 4; lastKnownFileType = sourcecode.c.objc; path = MineViewController.m; sourceTree = "<group>"; };
		4D106D0522BBA4FE000EF71D /* TabBarController.m */ = {isa = PBXFileReference; fileEncoding = 4; lastKnownFileType = sourcecode.c.objc; path = TabBarController.m; sourceTree = "<group>"; };
		4D106D0622BBA4FE000EF71D /* Tabbar.m */ = {isa = PBXFileReference; fileEncoding = 4; lastKnownFileType = sourcecode.c.objc; path = Tabbar.m; sourceTree = "<group>"; };
		4D106D0722BBA4FE000EF71D /* TabBarController.h */ = {isa = PBXFileReference; fileEncoding = 4; lastKnownFileType = sourcecode.c.h; path = TabBarController.h; sourceTree = "<group>"; };
		4D106D0822BBA4FE000EF71D /* Tabbar.h */ = {isa = PBXFileReference; fileEncoding = 4; lastKnownFileType = sourcecode.c.h; path = Tabbar.h; sourceTree = "<group>"; };
		4D106D2722BBA515000EF71D /* Define.h */ = {isa = PBXFileReference; fileEncoding = 4; lastKnownFileType = sourcecode.c.h; path = Define.h; sourceTree = "<group>"; };
		4D1C337422C0A8EF003F931C /* Router.swift */ = {isa = PBXFileReference; fileEncoding = 4; lastKnownFileType = sourcecode.swift; path = Router.swift; sourceTree = "<group>"; };
		4D1C337822C0ACAE003F931C /* Convenient.swift */ = {isa = PBXFileReference; fileEncoding = 4; lastKnownFileType = sourcecode.swift; path = Convenient.swift; sourceTree = "<group>"; };
		4D1C337B22C0ACEF003F931C /* SKColor+Extensions.swift */ = {isa = PBXFileReference; fileEncoding = 4; lastKnownFileType = sourcecode.swift; path = "SKColor+Extensions.swift"; sourceTree = "<group>"; };
		4D1C337C22C0ACEF003F931C /* CGVector+Extensions.swift */ = {isa = PBXFileReference; fileEncoding = 4; lastKnownFileType = sourcecode.swift; path = "CGVector+Extensions.swift"; sourceTree = "<group>"; };
		4D1C337D22C0ACEF003F931C /* Int+Extensions.swift */ = {isa = PBXFileReference; fileEncoding = 4; lastKnownFileType = sourcecode.swift; path = "Int+Extensions.swift"; sourceTree = "<group>"; };
		4D1C337E22C0ACEF003F931C /* SKTTimingFunctions.swift */ = {isa = PBXFileReference; fileEncoding = 4; lastKnownFileType = sourcecode.swift; path = SKTTimingFunctions.swift; sourceTree = "<group>"; };
		4D1C337F22C0ACEF003F931C /* SKAction+Extensions.swift */ = {isa = PBXFileReference; fileEncoding = 4; lastKnownFileType = sourcecode.swift; path = "SKAction+Extensions.swift"; sourceTree = "<group>"; };
		4D1C338022C0ACEF003F931C /* SKAction+SpecialEffects.swift */ = {isa = PBXFileReference; fileEncoding = 4; lastKnownFileType = sourcecode.swift; path = "SKAction+SpecialEffects.swift"; sourceTree = "<group>"; };
		4D1C338122C0ACEF003F931C /* SKNode+Extensions.swift */ = {isa = PBXFileReference; fileEncoding = 4; lastKnownFileType = sourcecode.swift; path = "SKNode+Extensions.swift"; sourceTree = "<group>"; };
		4D1C338222C0ACEF003F931C /* CGPoint+Extensions.swift */ = {isa = PBXFileReference; fileEncoding = 4; lastKnownFileType = sourcecode.swift; path = "CGPoint+Extensions.swift"; sourceTree = "<group>"; };
		4D1C338322C0ACEF003F931C /* SKTEffects.swift */ = {isa = PBXFileReference; fileEncoding = 4; lastKnownFileType = sourcecode.swift; path = SKTEffects.swift; sourceTree = "<group>"; };
		4D1C338422C0ACEF003F931C /* SKTAudio.swift */ = {isa = PBXFileReference; fileEncoding = 4; lastKnownFileType = sourcecode.swift; path = SKTAudio.swift; sourceTree = "<group>"; };
		4D1C338522C0ACEF003F931C /* Vector3.swift */ = {isa = PBXFileReference; fileEncoding = 4; lastKnownFileType = sourcecode.swift; path = Vector3.swift; sourceTree = "<group>"; };
		4D1C338622C0ACEF003F931C /* CGFloat+Extensions.swift */ = {isa = PBXFileReference; fileEncoding = 4; lastKnownFileType = sourcecode.swift; path = "CGFloat+Extensions.swift"; sourceTree = "<group>"; };
		4D1C339322C0B45F003F931C /* XReferenceVC.swift */ = {isa = PBXFileReference; lastKnownFileType = sourcecode.swift; path = XReferenceVC.swift; sourceTree = "<group>"; };
		4D1C339522C0DF3E003F931C /* IBInspectable.swift */ = {isa = PBXFileReference; fileEncoding = 4; lastKnownFileType = sourcecode.swift; path = IBInspectable.swift; sourceTree = "<group>"; };
		4D1C339722C0DF75003F931C /* PMSuperButton.swift */ = {isa = PBXFileReference; fileEncoding = 4; lastKnownFileType = sourcecode.swift; path = PMSuperButton.swift; sourceTree = "<group>"; };
		4D1C339922C0E077003F931C /* NotiView.swift */ = {isa = PBXFileReference; fileEncoding = 4; lastKnownFileType = sourcecode.swift; path = NotiView.swift; sourceTree = "<group>"; wrapsLines = 0; };
		4D2BAE5F22C46DFC00CEDC7F /* MeAvatarCell.swift */ = {isa = PBXFileReference; fileEncoding = 4; lastKnownFileType = sourcecode.swift; path = MeAvatarCell.swift; sourceTree = "<group>"; };
		4D2BAE6022C46DFC00CEDC7F /* MeAvatarCell.xib */ = {isa = PBXFileReference; fileEncoding = 4; lastKnownFileType = file.xib; path = MeAvatarCell.xib; sourceTree = "<group>"; };
		4D2BAE6122C46DFC00CEDC7F /* MeItemCell.xib */ = {isa = PBXFileReference; fileEncoding = 4; lastKnownFileType = file.xib; path = MeItemCell.xib; sourceTree = "<group>"; };
		4D2BAE6222C46DFC00CEDC7F /* MeItemCell.swift */ = {isa = PBXFileReference; fileEncoding = 4; lastKnownFileType = sourcecode.swift; path = MeItemCell.swift; sourceTree = "<group>"; };
		4D2BAE6322C46DFC00CEDC7F /* MeVC.swift */ = {isa = PBXFileReference; fileEncoding = 4; lastKnownFileType = sourcecode.swift; path = MeVC.swift; sourceTree = "<group>"; };
		4D2BAE6B22C5EC9D00CEDC7F /* XSpeechControl.swift */ = {isa = PBXFileReference; lastKnownFileType = sourcecode.swift; path = XSpeechControl.swift; sourceTree = "<group>"; };
		4D43FCB822C9EDC400874B61 /* SpeechRecognizerVC.swift */ = {isa = PBXFileReference; lastKnownFileType = sourcecode.swift; path = SpeechRecognizerVC.swift; sourceTree = "<group>"; };
		4D43FCB922C9EDC400874B61 /* SpeechRecognizerVC.xib */ = {isa = PBXFileReference; lastKnownFileType = file.xib; path = SpeechRecognizerVC.xib; sourceTree = "<group>"; };
		4D43FCBC22C9FBBA00874B61 /* KYWaterWaveView.m */ = {isa = PBXFileReference; fileEncoding = 4; lastKnownFileType = sourcecode.c.objc; path = KYWaterWaveView.m; sourceTree = "<group>"; };
		4D43FCBD22C9FBBA00874B61 /* KYWaterWaveView.h */ = {isa = PBXFileReference; fileEncoding = 4; lastKnownFileType = sourcecode.c.h; path = KYWaterWaveView.h; sourceTree = "<group>"; };
		4D43FCBF22CAE89300874B61 /* XNetwork.swift */ = {isa = PBXFileReference; lastKnownFileType = sourcecode.swift; path = XNetwork.swift; sourceTree = "<group>"; };
		4D43FCC122CC3D8800874B61 /* HomeDataModel.swift */ = {isa = PBXFileReference; lastKnownFileType = sourcecode.swift; path = HomeDataModel.swift; sourceTree = "<group>"; };
		4D43FCC322CC967E00874B61 /* HomeCell.swift */ = {isa = PBXFileReference; lastKnownFileType = sourcecode.swift; path = HomeCell.swift; sourceTree = "<group>"; };
		4D43FCC522CDA47C00874B61 /* CommunityDataModel.swift */ = {isa = PBXFileReference; lastKnownFileType = sourcecode.swift; path = CommunityDataModel.swift; sourceTree = "<group>"; };
		4D43FDDA22CEF75900874B61 /* frame-1.png */ = {isa = PBXFileReference; lastKnownFileType = image.png; path = "frame-1.png"; sourceTree = "<group>"; };
		4D43FDDB22CEF75900874B61 /* frame-16.png */ = {isa = PBXFileReference; lastKnownFileType = image.png; path = "frame-16.png"; sourceTree = "<group>"; };
		4D43FDDC22CEF75900874B61 /* frame-26.png */ = {isa = PBXFileReference; lastKnownFileType = image.png; path = "frame-26.png"; sourceTree = "<group>"; };
		4D43FDDD22CEF75900874B61 /* frame-7.png */ = {isa = PBXFileReference; lastKnownFileType = image.png; path = "frame-7.png"; sourceTree = "<group>"; };
		4D43FDDE22CEF75A00874B61 /* frame-35.png */ = {isa = PBXFileReference; lastKnownFileType = image.png; path = "frame-35.png"; sourceTree = "<group>"; };
		4D43FDDF22CEF75A00874B61 /* frame-24.png */ = {isa = PBXFileReference; lastKnownFileType = image.png; path = "frame-24.png"; sourceTree = "<group>"; };
		4D43FDE022CEF75A00874B61 /* frame-9.png */ = {isa = PBXFileReference; lastKnownFileType = image.png; path = "frame-9.png"; sourceTree = "<group>"; };
		4D43FDE122CEF75A00874B61 /* frame-34.png */ = {isa = PBXFileReference; lastKnownFileType = image.png; path = "frame-34.png"; sourceTree = "<group>"; };
		4D43FDE222CEF75A00874B61 /* frame-37.png */ = {isa = PBXFileReference; lastKnownFileType = image.png; path = "frame-37.png"; sourceTree = "<group>"; };
		4D43FDE322CEF75B00874B61 /* frame-11.png */ = {isa = PBXFileReference; lastKnownFileType = image.png; path = "frame-11.png"; sourceTree = "<group>"; };
		4D43FDE422CEF75B00874B61 /* frame-17.png */ = {isa = PBXFileReference; lastKnownFileType = image.png; path = "frame-17.png"; sourceTree = "<group>"; };
		4D43FDE522CEF75B00874B61 /* frame-5.png */ = {isa = PBXFileReference; lastKnownFileType = image.png; path = "frame-5.png"; sourceTree = "<group>"; };
		4D43FDE622CEF75C00874B61 /* frame-33.png */ = {isa = PBXFileReference; lastKnownFileType = image.png; path = "frame-33.png"; sourceTree = "<group>"; };
		4D43FDE722CEF75C00874B61 /* frame-30.png */ = {isa = PBXFileReference; lastKnownFileType = image.png; path = "frame-30.png"; sourceTree = "<group>"; };
		4D43FDE822CEF75C00874B61 /* frame-0.png */ = {isa = PBXFileReference; lastKnownFileType = image.png; path = "frame-0.png"; sourceTree = "<group>"; };
		4D43FDE922CEF75C00874B61 /* frame-13.png */ = {isa = PBXFileReference; lastKnownFileType = image.png; path = "frame-13.png"; sourceTree = "<group>"; };
		4D43FDEA22CEF75D00874B61 /* frame-6.png */ = {isa = PBXFileReference; lastKnownFileType = image.png; path = "frame-6.png"; sourceTree = "<group>"; };
		4D43FDEB22CEF75D00874B61 /* frame-19.png */ = {isa = PBXFileReference; lastKnownFileType = image.png; path = "frame-19.png"; sourceTree = "<group>"; };
		4D43FDEC22CEF75D00874B61 /* frame-28.png */ = {isa = PBXFileReference; lastKnownFileType = image.png; path = "frame-28.png"; sourceTree = "<group>"; };
		4D43FDED22CEF75D00874B61 /* frame-10.png */ = {isa = PBXFileReference; lastKnownFileType = image.png; path = "frame-10.png"; sourceTree = "<group>"; };
		4D43FDEE22CEF75D00874B61 /* frame-12.png */ = {isa = PBXFileReference; lastKnownFileType = image.png; path = "frame-12.png"; sourceTree = "<group>"; };
		4D43FDEF22CEF75E00874B61 /* frame-18.png */ = {isa = PBXFileReference; lastKnownFileType = image.png; path = "frame-18.png"; sourceTree = "<group>"; };
		4D43FDF022CEF75E00874B61 /* frame-4.png */ = {isa = PBXFileReference; lastKnownFileType = image.png; path = "frame-4.png"; sourceTree = "<group>"; };
		4D43FDF122CEF75E00874B61 /* frame-27.png */ = {isa = PBXFileReference; lastKnownFileType = image.png; path = "frame-27.png"; sourceTree = "<group>"; };
		4D43FDF222CEF75F00874B61 /* frame-31.png */ = {isa = PBXFileReference; lastKnownFileType = image.png; path = "frame-31.png"; sourceTree = "<group>"; };
		4D43FDF322CEF75F00874B61 /* frame-29.png */ = {isa = PBXFileReference; lastKnownFileType = image.png; path = "frame-29.png"; sourceTree = "<group>"; };
		4D43FDF422CEF75F00874B61 /* frame-36.png */ = {isa = PBXFileReference; lastKnownFileType = image.png; path = "frame-36.png"; sourceTree = "<group>"; };
		4D43FDF522CEF75F00874B61 /* frame-38.png */ = {isa = PBXFileReference; lastKnownFileType = image.png; path = "frame-38.png"; sourceTree = "<group>"; };
		4D43FDF622CEF76000874B61 /* frame-32.png */ = {isa = PBXFileReference; lastKnownFileType = image.png; path = "frame-32.png"; sourceTree = "<group>"; };
		4D43FDF722CEF76000874B61 /* frame-23.png */ = {isa = PBXFileReference; lastKnownFileType = image.png; path = "frame-23.png"; sourceTree = "<group>"; };
		4D43FDF822CEF76000874B61 /* frame-2.png */ = {isa = PBXFileReference; lastKnownFileType = image.png; path = "frame-2.png"; sourceTree = "<group>"; };
		4D43FDF922CEF76000874B61 /* frame-21.png */ = {isa = PBXFileReference; lastKnownFileType = image.png; path = "frame-21.png"; sourceTree = "<group>"; };
		4D43FDFA22CEF76100874B61 /* frame-25.png */ = {isa = PBXFileReference; lastKnownFileType = image.png; path = "frame-25.png"; sourceTree = "<group>"; };
		4D43FDFB22CEF76100874B61 /* frame-22.png */ = {isa = PBXFileReference; lastKnownFileType = image.png; path = "frame-22.png"; sourceTree = "<group>"; };
		4D43FDFC22CEF76100874B61 /* frame-14.png */ = {isa = PBXFileReference; lastKnownFileType = image.png; path = "frame-14.png"; sourceTree = "<group>"; };
		4D43FDFD22CEF76100874B61 /* frame-3.png */ = {isa = PBXFileReference; lastKnownFileType = image.png; path = "frame-3.png"; sourceTree = "<group>"; };
		4D43FDFE22CEF76200874B61 /* frame-8.png */ = {isa = PBXFileReference; lastKnownFileType = image.png; path = "frame-8.png"; sourceTree = "<group>"; };
		4D43FDFF22CEF76200874B61 /* frame-15.png */ = {isa = PBXFileReference; lastKnownFileType = image.png; path = "frame-15.png"; sourceTree = "<group>"; };
		4D43FE0022CEF76200874B61 /* frame-20.png */ = {isa = PBXFileReference; lastKnownFileType = image.png; path = "frame-20.png"; sourceTree = "<group>"; };
		4D43FE0122CEF76200874B61 /* frame-39.png */ = {isa = PBXFileReference; lastKnownFileType = image.png; path = "frame-39.png"; sourceTree = "<group>"; };
		4D43FE2A22CEFC3F00874B61 /* loading20.png */ = {isa = PBXFileReference; lastKnownFileType = image.png; path = loading20.png; sourceTree = "<group>"; };
		4D43FE2B22CEFC3F00874B61 /* loading27.png */ = {isa = PBXFileReference; lastKnownFileType = image.png; path = loading27.png; sourceTree = "<group>"; };
		4D43FE2C22CEFC4000874B61 /* loading23.png */ = {isa = PBXFileReference; lastKnownFileType = image.png; path = loading23.png; sourceTree = "<group>"; };
		4D43FE2D22CEFC4000874B61 /* loading3.png */ = {isa = PBXFileReference; lastKnownFileType = image.png; path = loading3.png; sourceTree = "<group>"; };
		4D43FE2E22CEFC4000874B61 /* loading14.png */ = {isa = PBXFileReference; lastKnownFileType = image.png; path = loading14.png; sourceTree = "<group>"; };
		4D43FE2F22CEFC4100874B61 /* loading15.png */ = {isa = PBXFileReference; lastKnownFileType = image.png; path = loading15.png; sourceTree = "<group>"; };
		4D43FE3022CEFC4100874B61 /* loading16.png */ = {isa = PBXFileReference; lastKnownFileType = image.png; path = loading16.png; sourceTree = "<group>"; };
		4D43FE3122CEFC4100874B61 /* loading6.png */ = {isa = PBXFileReference; lastKnownFileType = image.png; path = loading6.png; sourceTree = "<group>"; };
		4D43FE3222CEFC4100874B61 /* loading22.png */ = {isa = PBXFileReference; lastKnownFileType = image.png; path = loading22.png; sourceTree = "<group>"; };
		4D43FE3322CEFC4200874B61 /* loading5.png */ = {isa = PBXFileReference; lastKnownFileType = image.png; path = loading5.png; sourceTree = "<group>"; };
		4D43FE3422CEFC4200874B61 /* loading12.png */ = {isa = PBXFileReference; lastKnownFileType = image.png; path = loading12.png; sourceTree = "<group>"; };
		4D43FE3522CEFC4200874B61 /* loading4.png */ = {isa = PBXFileReference; lastKnownFileType = image.png; path = loading4.png; sourceTree = "<group>"; };
		4D43FE3622CEFC4200874B61 /* loading8.png */ = {isa = PBXFileReference; lastKnownFileType = image.png; path = loading8.png; sourceTree = "<group>"; };
		4D43FE3722CEFC4300874B61 /* loading9.png */ = {isa = PBXFileReference; lastKnownFileType = image.png; path = loading9.png; sourceTree = "<group>"; };
		4D43FE3822CEFC4300874B61 /* loading28.png */ = {isa = PBXFileReference; lastKnownFileType = image.png; path = loading28.png; sourceTree = "<group>"; };
		4D43FE3922CEFC4300874B61 /* loading19.png */ = {isa = PBXFileReference; lastKnownFileType = image.png; path = loading19.png; sourceTree = "<group>"; };
		4D43FE3A22CEFC4400874B61 /* loading7.png */ = {isa = PBXFileReference; lastKnownFileType = image.png; path = loading7.png; sourceTree = "<group>"; };
		4D43FE3B22CEFC4400874B61 /* loading2.png */ = {isa = PBXFileReference; lastKnownFileType = image.png; path = loading2.png; sourceTree = "<group>"; };
		4D43FE3C22CEFC4400874B61 /* loading11.png */ = {isa = PBXFileReference; lastKnownFileType = image.png; path = loading11.png; sourceTree = "<group>"; };
		4D43FE3D22CEFC4400874B61 /* loading13.png */ = {isa = PBXFileReference; lastKnownFileType = image.png; path = loading13.png; sourceTree = "<group>"; };
		4D43FE3E22CEFC4500874B61 /* loading18.png */ = {isa = PBXFileReference; lastKnownFileType = image.png; path = loading18.png; sourceTree = "<group>"; };
		4D43FE3F22CEFC4500874B61 /* loading0.png */ = {isa = PBXFileReference; lastKnownFileType = image.png; path = loading0.png; sourceTree = "<group>"; };
		4D43FE4022CEFC4500874B61 /* loading17.png */ = {isa = PBXFileReference; lastKnownFileType = image.png; path = loading17.png; sourceTree = "<group>"; };
		4D43FE4122CEFC4500874B61 /* loading29.png */ = {isa = PBXFileReference; lastKnownFileType = image.png; path = loading29.png; sourceTree = "<group>"; };
		4D43FE4222CEFC4600874B61 /* loading10.png */ = {isa = PBXFileReference; lastKnownFileType = image.png; path = loading10.png; sourceTree = "<group>"; };
		4D43FE4322CEFC4600874B61 /* loading1.png */ = {isa = PBXFileReference; lastKnownFileType = image.png; path = loading1.png; sourceTree = "<group>"; };
		4D43FE4422CEFC4600874B61 /* loading24.png */ = {isa = PBXFileReference; lastKnownFileType = image.png; path = loading24.png; sourceTree = "<group>"; };
		4D43FE4522CEFC4600874B61 /* loading26.png */ = {isa = PBXFileReference; lastKnownFileType = image.png; path = loading26.png; sourceTree = "<group>"; };
		4D43FE4622CEFC4700874B61 /* loading25.png */ = {isa = PBXFileReference; lastKnownFileType = image.png; path = loading25.png; sourceTree = "<group>"; };
		4D43FE4722CEFC4700874B61 /* loading21.png */ = {isa = PBXFileReference; lastKnownFileType = image.png; path = loading21.png; sourceTree = "<group>"; };
		4D43FE6622CF388400874B61 /* HomeImageView.xib */ = {isa = PBXFileReference; lastKnownFileType = file.xib; path = HomeImageView.xib; sourceTree = "<group>"; };
		4D43FE6822CF3D2C00874B61 /* HomeListVC.swift */ = {isa = PBXFileReference; lastKnownFileType = sourcecode.swift; path = HomeListVC.swift; sourceTree = "<group>"; };
		4D43FE6922CF3D2C00874B61 /* HomeListVC.xib */ = {isa = PBXFileReference; lastKnownFileType = file.xib; path = HomeListVC.xib; sourceTree = "<group>"; };
		4D43FE6C22CF486300874B61 /* HomeListCell.swift */ = {isa = PBXFileReference; lastKnownFileType = sourcecode.swift; path = HomeListCell.swift; sourceTree = "<group>"; };
		4D43FE6E22CF494000874B61 /* HomeImageView.swift */ = {isa = PBXFileReference; lastKnownFileType = sourcecode.swift; path = HomeImageView.swift; sourceTree = "<group>"; };
		4D43FE7022CF4C6C00874B61 /* HomeDetailVC.swift */ = {isa = PBXFileReference; lastKnownFileType = sourcecode.swift; path = HomeDetailVC.swift; sourceTree = "<group>"; };
		4D43FE7122CF4C6C00874B61 /* HomeDetailVC.xib */ = {isa = PBXFileReference; lastKnownFileType = file.xib; path = HomeDetailVC.xib; sourceTree = "<group>"; };
		4D4AB8A522BC7BBA00162D73 /* WordTextCell.swift */ = {isa = PBXFileReference; lastKnownFileType = sourcecode.swift; path = WordTextCell.swift; sourceTree = "<group>"; };
		4D4AB8A622BC7BBA00162D73 /* WordTextCell.xib */ = {isa = PBXFileReference; lastKnownFileType = file.xib; path = WordTextCell.xib; sourceTree = "<group>"; };
		4D4AB8A922BCBAB700162D73 /* LabelCell.swift */ = {isa = PBXFileReference; lastKnownFileType = sourcecode.swift; path = LabelCell.swift; sourceTree = "<group>"; };
		4D4AB8AA22BCBAB700162D73 /* LabelCell.xib */ = {isa = PBXFileReference; lastKnownFileType = file.xib; path = LabelCell.xib; sourceTree = "<group>"; };
		4D87A1C022C3130F00873D55 /* CommentCell.swift */ = {isa = PBXFileReference; lastKnownFileType = sourcecode.swift; path = CommentCell.swift; sourceTree = "<group>"; };
		4D87A1C122C3130F00873D55 /* CommentCell.xib */ = {isa = PBXFileReference; lastKnownFileType = file.xib; path = CommentCell.xib; sourceTree = "<group>"; };
		4D87A1C522C31D6600873D55 /* CommunityListVC.swift */ = {isa = PBXFileReference; lastKnownFileType = sourcecode.swift; path = CommunityListVC.swift; sourceTree = "<group>"; };
		4D87A1C722C31FA700873D55 /* CommunityListCell.swift */ = {isa = PBXFileReference; lastKnownFileType = sourcecode.swift; path = CommunityListCell.swift; sourceTree = "<group>"; };
		4D87A1C822C31FA700873D55 /* CommunityListCell.xib */ = {isa = PBXFileReference; lastKnownFileType = file.xib; path = CommunityListCell.xib; sourceTree = "<group>"; };
		4D87A1CB22C320AE00873D55 /* CommunityButtonsView.swift */ = {isa = PBXFileReference; lastKnownFileType = sourcecode.swift; path = CommunityButtonsView.swift; sourceTree = "<group>"; };
		4D87A1CD22C320BB00873D55 /* CommunityButtonsView.xib */ = {isa = PBXFileReference; lastKnownFileType = file.xib; path = CommunityButtonsView.xib; sourceTree = "<group>"; };
		4D87A1CF22C33F5D00873D55 /* ImageDisplayView.swift */ = {isa = PBXFileReference; lastKnownFileType = sourcecode.swift; path = ImageDisplayView.swift; sourceTree = "<group>"; };
		4D87A1D122C34A9400873D55 /* ImageDisplayView4.xib */ = {isa = PBXFileReference; lastKnownFileType = file.xib; path = ImageDisplayView4.xib; sourceTree = "<group>"; };
		4D87A1D322C3675F00873D55 /* Appfile */ = {isa = PBXFileReference; fileEncoding = 4; lastKnownFileType = text; name = Appfile; path = fastlane/Appfile; sourceTree = SOURCE_ROOT; };
		4D87A1D422C3675F00873D55 /* Fastfile */ = {isa = PBXFileReference; fileEncoding = 4; lastKnownFileType = text; name = Fastfile; path = fastlane/Fastfile; sourceTree = SOURCE_ROOT; };
		4DC7366E22AE67FA0040FF0D /* Chienglish.app */ = {isa = PBXFileReference; explicitFileType = wrapper.application; includeInIndex = 0; path = Chienglish.app; sourceTree = BUILT_PRODUCTS_DIR; };
		4DC7367122AE67FA0040FF0D /* AppDelegate.swift */ = {isa = PBXFileReference; lastKnownFileType = sourcecode.swift; path = AppDelegate.swift; sourceTree = "<group>"; };
		4DC7367822AE67FC0040FF0D /* Assets.xcassets */ = {isa = PBXFileReference; lastKnownFileType = folder.assetcatalog; path = Assets.xcassets; sourceTree = "<group>"; };
		4DC7367B22AE67FC0040FF0D /* Base */ = {isa = PBXFileReference; lastKnownFileType = file.storyboard; name = Base; path = Base.lproj/LaunchScreen.storyboard; sourceTree = "<group>"; };
		4DC7367D22AE67FC0040FF0D /* Info.plist */ = {isa = PBXFileReference; lastKnownFileType = text.plist.xml; path = Info.plist; sourceTree = "<group>"; };
		4DC7368222AE67FC0040FF0D /* ChienglishTests.xctest */ = {isa = PBXFileReference; explicitFileType = wrapper.cfbundle; includeInIndex = 0; path = ChienglishTests.xctest; sourceTree = BUILT_PRODUCTS_DIR; };
		4DC7368622AE67FC0040FF0D /* ChienglishTests.swift */ = {isa = PBXFileReference; lastKnownFileType = sourcecode.swift; path = ChienglishTests.swift; sourceTree = "<group>"; };
		4DC7368822AE67FC0040FF0D /* Info.plist */ = {isa = PBXFileReference; lastKnownFileType = text.plist.xml; path = Info.plist; sourceTree = "<group>"; };
		4DC7368D22AE67FC0040FF0D /* ChienglishUITests.xctest */ = {isa = PBXFileReference; explicitFileType = wrapper.cfbundle; includeInIndex = 0; path = ChienglishUITests.xctest; sourceTree = BUILT_PRODUCTS_DIR; };
		4DC7369122AE67FC0040FF0D /* ChienglishUITests.swift */ = {isa = PBXFileReference; lastKnownFileType = sourcecode.swift; path = ChienglishUITests.swift; sourceTree = "<group>"; };
		4DC7369322AE67FC0040FF0D /* Info.plist */ = {isa = PBXFileReference; lastKnownFileType = text.plist.xml; path = Info.plist; sourceTree = "<group>"; };
		4DC7369F22B1ED7E0040FF0D /* WordTextView.swift */ = {isa = PBXFileReference; lastKnownFileType = sourcecode.swift; path = WordTextView.swift; sourceTree = "<group>"; };
		587FC3FB20AA439A9D8AD64A /* Pods-Chienglish.release.xcconfig */ = {isa = PBXFileReference; includeInIndex = 1; lastKnownFileType = text.xcconfig; name = "Pods-Chienglish.release.xcconfig"; path = "Target Support Files/Pods-Chienglish/Pods-Chienglish.release.xcconfig"; sourceTree = "<group>"; };
		7AEE4BE6D3D8FD6CCE507339 /* Pods_ChienglishTests.framework */ = {isa = PBXFileReference; explicitFileType = wrapper.framework; includeInIndex = 0; path = Pods_ChienglishTests.framework; sourceTree = BUILT_PRODUCTS_DIR; };
		9C5FED3A58319A7B9DCA8306 /* Pods-ChienglishTests.release.xcconfig */ = {isa = PBXFileReference; includeInIndex = 1; lastKnownFileType = text.xcconfig; name = "Pods-ChienglishTests.release.xcconfig"; path = "Target Support Files/Pods-ChienglishTests/Pods-ChienglishTests.release.xcconfig"; sourceTree = "<group>"; };
		B5CB9941D1FDED97BFE2C209 /* Pods-ChienglishUITests.release.xcconfig */ = {isa = PBXFileReference; includeInIndex = 1; lastKnownFileType = text.xcconfig; name = "Pods-ChienglishUITests.release.xcconfig"; path = "Target Support Files/Pods-ChienglishUITests/Pods-ChienglishUITests.release.xcconfig"; sourceTree = "<group>"; };
		C1AED8E5A4E8ECB1846721F4 /* Pods-Chienglish.debug.xcconfig */ = {isa = PBXFileReference; includeInIndex = 1; lastKnownFileType = text.xcconfig; name = "Pods-Chienglish.debug.xcconfig"; path = "Target Support Files/Pods-Chienglish/Pods-Chienglish.debug.xcconfig"; sourceTree = "<group>"; };
		DE7DAA2F9630BB0EC28DADB0 /* Pods_ChienglishUITests.framework */ = {isa = PBXFileReference; explicitFileType = wrapper.framework; includeInIndex = 0; path = Pods_ChienglishUITests.framework; sourceTree = BUILT_PRODUCTS_DIR; };
		E15D7790DC92C90B8E9F0C04 /* Pods_Chienglish.framework */ = {isa = PBXFileReference; explicitFileType = wrapper.framework; includeInIndex = 0; path = Pods_Chienglish.framework; sourceTree = BUILT_PRODUCTS_DIR; };
		FEDC832EACE707DC6F272F79 /* Pods-ChienglishUITests.debug.xcconfig */ = {isa = PBXFileReference; includeInIndex = 1; lastKnownFileType = text.xcconfig; name = "Pods-ChienglishUITests.debug.xcconfig"; path = "Target Support Files/Pods-ChienglishUITests/Pods-ChienglishUITests.debug.xcconfig"; sourceTree = "<group>"; };
/* End PBXFileReference section */

/* Begin PBXFrameworksBuildPhase section */
		4DC7366B22AE67FA0040FF0D /* Frameworks */ = {
			isa = PBXFrameworksBuildPhase;
			buildActionMask = 2147483647;
			files = (
				7054263110D90B22C579ECF1 /* Pods_Chienglish.framework in Frameworks */,
			);
			runOnlyForDeploymentPostprocessing = 0;
		};
		4DC7367F22AE67FC0040FF0D /* Frameworks */ = {
			isa = PBXFrameworksBuildPhase;
			buildActionMask = 2147483647;
			files = (
				92F9E1870E511C1207F59C67 /* Pods_ChienglishTests.framework in Frameworks */,
			);
			runOnlyForDeploymentPostprocessing = 0;
		};
		4DC7368A22AE67FC0040FF0D /* Frameworks */ = {
			isa = PBXFrameworksBuildPhase;
			buildActionMask = 2147483647;
			files = (
				674528EBAE036008C9A65E08 /* Pods_ChienglishUITests.framework in Frameworks */,
			);
			runOnlyForDeploymentPostprocessing = 0;
		};
/* End PBXFrameworksBuildPhase section */

/* Begin PBXGroup section */
		33A0B276AC161F15A10CCC57 /* Pods */ = {
			isa = PBXGroup;
			children = (
				C1AED8E5A4E8ECB1846721F4 /* Pods-Chienglish.debug.xcconfig */,
				587FC3FB20AA439A9D8AD64A /* Pods-Chienglish.release.xcconfig */,
				2C27BC11FD44E49E8E2727CE /* Pods-ChienglishTests.debug.xcconfig */,
				9C5FED3A58319A7B9DCA8306 /* Pods-ChienglishTests.release.xcconfig */,
				FEDC832EACE707DC6F272F79 /* Pods-ChienglishUITests.debug.xcconfig */,
				B5CB9941D1FDED97BFE2C209 /* Pods-ChienglishUITests.release.xcconfig */,
			);
			path = Pods;
			sourceTree = "<group>";
		};
		4D106CF522BBA4FE000EF71D /* Tools */ = {
			isa = PBXGroup;
			children = (
				4D1C337A22C0ACEF003F931C /* SKTUtils */,
				4D106CF822BBA4FE000EF71D /* WBTool.m */,
				4D106CF922BBA4FE000EF71D /* UIColor+ConvertColor.h */,
				4D106CFB22BBA4FE000EF71D /* UILabel+Size.m */,
				4D106D0022BBA4FE000EF71D /* UIColor+ConvertColor.m */,
				4D106D0122BBA4FE000EF71D /* WBTool.h */,
				4D106D0222BBA4FE000EF71D /* UILabel+Size.h */,
			);
			path = Tools;
			sourceTree = "<group>";
		};
		4D106D0422BBA4FE000EF71D /* Tabbar */ = {
			isa = PBXGroup;
			children = (
				4D106D0722BBA4FE000EF71D /* TabBarController.h */,
				4D106D0522BBA4FE000EF71D /* TabBarController.m */,
				4D106D0822BBA4FE000EF71D /* Tabbar.h */,
				4D106D0622BBA4FE000EF71D /* Tabbar.m */,
			);
			path = Tabbar;
			sourceTree = "<group>";
		};
		4D106D2922BBA731000EF71D /* Home */ = {
			isa = PBXGroup;
			children = (
				4D106CEC22BBA4DE000EF71D /* HomeDetailViewController.h */,
				4D106CEF22BBA4DE000EF71D /* HomeDetailViewController.m */,
				4D106CF022BBA4DF000EF71D /* HomeViewController.h */,
				4D106CF122BBA4DF000EF71D /* HomeViewController.m */,
				4D4AB8A522BC7BBA00162D73 /* WordTextCell.swift */,
				4D4AB8A622BC7BBA00162D73 /* WordTextCell.xib */,
				4D4AB8A922BCBAB700162D73 /* LabelCell.swift */,
				4D4AB8AA22BCBAB700162D73 /* LabelCell.xib */,
				4D87A1C022C3130F00873D55 /* CommentCell.swift */,
				4D87A1C122C3130F00873D55 /* CommentCell.xib */,
				4D43FCC122CC3D8800874B61 /* HomeDataModel.swift */,
				4D43FCC322CC967E00874B61 /* HomeCell.swift */,
				4D43FE6E22CF494000874B61 /* HomeImageView.swift */,
				4D43FE6622CF388400874B61 /* HomeImageView.xib */,
				4D43FE6822CF3D2C00874B61 /* HomeListVC.swift */,
				4D43FE6922CF3D2C00874B61 /* HomeListVC.xib */,
				4D43FE6C22CF486300874B61 /* HomeListCell.swift */,
				4D43FE7022CF4C6C00874B61 /* HomeDetailVC.swift */,
				4D43FE7122CF4C6C00874B61 /* HomeDetailVC.xib */,
			);
			path = Home;
			sourceTree = "<group>";
		};
		4D1C337722C0A904003F931C /* Base */ = {
			isa = PBXGroup;
			children = (
				4D1C339922C0E077003F931C /* NotiView.swift */,
				4D1C339522C0DF3E003F931C /* IBInspectable.swift */,
				4D1C337422C0A8EF003F931C /* Router.swift */,
				4D1C337822C0ACAE003F931C /* Convenient.swift */,
				4DC7369F22B1ED7E0040FF0D /* WordTextView.swift */,
				4D1C339322C0B45F003F931C /* XReferenceVC.swift */,
				4D1C339722C0DF75003F931C /* PMSuperButton.swift */,
				4D2BAE6B22C5EC9D00CEDC7F /* XSpeechControl.swift */,
				4D43FCB822C9EDC400874B61 /* SpeechRecognizerVC.swift */,
				4D43FCB922C9EDC400874B61 /* SpeechRecognizerVC.xib */,
				4D43FCBF22CAE89300874B61 /* XNetwork.swift */,
			);
			path = Base;
			sourceTree = "<group>";
		};
		4D1C337A22C0ACEF003F931C /* SKTUtils */ = {
			isa = PBXGroup;
			children = (
				4D1C337B22C0ACEF003F931C /* SKColor+Extensions.swift */,
				4D1C337C22C0ACEF003F931C /* CGVector+Extensions.swift */,
				4D1C337D22C0ACEF003F931C /* Int+Extensions.swift */,
				4D1C337E22C0ACEF003F931C /* SKTTimingFunctions.swift */,
				4D1C337F22C0ACEF003F931C /* SKAction+Extensions.swift */,
				4D1C338022C0ACEF003F931C /* SKAction+SpecialEffects.swift */,
				4D1C338122C0ACEF003F931C /* SKNode+Extensions.swift */,
				4D1C338222C0ACEF003F931C /* CGPoint+Extensions.swift */,
				4D1C338322C0ACEF003F931C /* SKTEffects.swift */,
				4D1C338422C0ACEF003F931C /* SKTAudio.swift */,
				4D1C338522C0ACEF003F931C /* Vector3.swift */,
				4D1C338622C0ACEF003F931C /* CGFloat+Extensions.swift */,
			);
			path = SKTUtils;
			sourceTree = "<group>";
		};
		4D1C339B22C0EA6E003F931C /* Others */ = {
			isa = PBXGroup;
			children = (
				4D43FCC722CEE84800874B61 /* Loading */,
				4D43FCBD22C9FBBA00874B61 /* KYWaterWaveView.h */,
				4D43FCBC22C9FBBA00874B61 /* KYWaterWaveView.m */,
				4D106CFC22BBA4FE000EF71D /* MineViewController.h */,
				4D106D0322BBA4FE000EF71D /* MineViewController.m */,
				4D106CFE22BBA4FE000EF71D /* FunctionViewController.h */,
				4D106CF622BBA4FE000EF71D /* FunctionViewController.m */,
				4D106CFF22BBA4FE000EF71D /* CommunityViewController.h */,
				4D106CFA22BBA4FE000EF71D /* CommunityViewController.m */,
				4D106CFD22BBA4FE000EF71D /* CenterViewController.h */,
				4D106CF722BBA4FE000EF71D /* CenterViewController.m */,
			);
			path = Others;
			sourceTree = "<group>";
		};
		4D2BAE5E22C46DE000CEDC7F /* Me */ = {
			isa = PBXGroup;
			children = (
				4D2BAE5F22C46DFC00CEDC7F /* MeAvatarCell.swift */,
				4D2BAE6022C46DFC00CEDC7F /* MeAvatarCell.xib */,
				4D2BAE6222C46DFC00CEDC7F /* MeItemCell.swift */,
				4D2BAE6122C46DFC00CEDC7F /* MeItemCell.xib */,
				4D2BAE6322C46DFC00CEDC7F /* MeVC.swift */,
			);
			path = Me;
			sourceTree = "<group>";
		};
		4D43FCC722CEE84800874B61 /* Loading */ = {
			isa = PBXGroup;
			children = (
				4D43FE3F22CEFC4500874B61 /* loading0.png */,
				4D43FE4322CEFC4600874B61 /* loading1.png */,
				4D43FE3B22CEFC4400874B61 /* loading2.png */,
				4D43FE2D22CEFC4000874B61 /* loading3.png */,
				4D43FE3522CEFC4200874B61 /* loading4.png */,
				4D43FE3322CEFC4200874B61 /* loading5.png */,
				4D43FE3122CEFC4100874B61 /* loading6.png */,
				4D43FE3A22CEFC4400874B61 /* loading7.png */,
				4D43FE3622CEFC4200874B61 /* loading8.png */,
				4D43FE3722CEFC4300874B61 /* loading9.png */,
				4D43FE4222CEFC4600874B61 /* loading10.png */,
				4D43FE3C22CEFC4400874B61 /* loading11.png */,
				4D43FE3422CEFC4200874B61 /* loading12.png */,
				4D43FE3D22CEFC4400874B61 /* loading13.png */,
				4D43FE2E22CEFC4000874B61 /* loading14.png */,
				4D43FE2F22CEFC4100874B61 /* loading15.png */,
				4D43FE3022CEFC4100874B61 /* loading16.png */,
				4D43FE4022CEFC4500874B61 /* loading17.png */,
				4D43FE3E22CEFC4500874B61 /* loading18.png */,
				4D43FE3922CEFC4300874B61 /* loading19.png */,
				4D43FE2A22CEFC3F00874B61 /* loading20.png */,
				4D43FE4722CEFC4700874B61 /* loading21.png */,
				4D43FE3222CEFC4100874B61 /* loading22.png */,
				4D43FE2C22CEFC4000874B61 /* loading23.png */,
				4D43FE4422CEFC4600874B61 /* loading24.png */,
				4D43FE4622CEFC4700874B61 /* loading25.png */,
				4D43FE4522CEFC4600874B61 /* loading26.png */,
				4D43FE2B22CEFC3F00874B61 /* loading27.png */,
				4D43FE3822CEFC4300874B61 /* loading28.png */,
				4D43FE4122CEFC4500874B61 /* loading29.png */,
				4D43FDE822CEF75C00874B61 /* frame-0.png */,
				4D43FDDA22CEF75900874B61 /* frame-1.png */,
				4D43FDF822CEF76000874B61 /* frame-2.png */,
				4D43FDFD22CEF76100874B61 /* frame-3.png */,
				4D43FDF022CEF75E00874B61 /* frame-4.png */,
				4D43FDE522CEF75B00874B61 /* frame-5.png */,
				4D43FDEA22CEF75D00874B61 /* frame-6.png */,
				4D43FDDD22CEF75900874B61 /* frame-7.png */,
				4D43FDFE22CEF76200874B61 /* frame-8.png */,
				4D43FDE022CEF75A00874B61 /* frame-9.png */,
				4D43FDED22CEF75D00874B61 /* frame-10.png */,
				4D43FDE322CEF75B00874B61 /* frame-11.png */,
				4D43FDEE22CEF75D00874B61 /* frame-12.png */,
				4D43FDE922CEF75C00874B61 /* frame-13.png */,
				4D43FDFC22CEF76100874B61 /* frame-14.png */,
				4D43FDFF22CEF76200874B61 /* frame-15.png */,
				4D43FDDB22CEF75900874B61 /* frame-16.png */,
				4D43FDE422CEF75B00874B61 /* frame-17.png */,
				4D43FDEF22CEF75E00874B61 /* frame-18.png */,
				4D43FDEB22CEF75D00874B61 /* frame-19.png */,
				4D43FE0022CEF76200874B61 /* frame-20.png */,
				4D43FDF922CEF76000874B61 /* frame-21.png */,
				4D43FDFB22CEF76100874B61 /* frame-22.png */,
				4D43FDF722CEF76000874B61 /* frame-23.png */,
				4D43FDDF22CEF75A00874B61 /* frame-24.png */,
				4D43FDFA22CEF76100874B61 /* frame-25.png */,
				4D43FDDC22CEF75900874B61 /* frame-26.png */,
				4D43FDF122CEF75E00874B61 /* frame-27.png */,
				4D43FDEC22CEF75D00874B61 /* frame-28.png */,
				4D43FDF322CEF75F00874B61 /* frame-29.png */,
				4D43FDE722CEF75C00874B61 /* frame-30.png */,
				4D43FDF222CEF75F00874B61 /* frame-31.png */,
				4D43FDF622CEF76000874B61 /* frame-32.png */,
				4D43FDE622CEF75C00874B61 /* frame-33.png */,
				4D43FDE122CEF75A00874B61 /* frame-34.png */,
				4D43FDDE22CEF75A00874B61 /* frame-35.png */,
				4D43FDF422CEF75F00874B61 /* frame-36.png */,
				4D43FDE222CEF75A00874B61 /* frame-37.png */,
				4D43FDF522CEF75F00874B61 /* frame-38.png */,
				4D43FE0122CEF76200874B61 /* frame-39.png */,
			);
			path = Loading;
			sourceTree = "<group>";
		};
		4D4AB8A422BBA87400162D73 /* Architecture */ = {
			isa = PBXGroup;
			children = (
				4D87A1D322C3675F00873D55 /* Appfile */,
				4D87A1D422C3675F00873D55 /* Fastfile */,
				4DC7367122AE67FA0040FF0D /* AppDelegate.swift */,
				4D106CEB22BBA4DE000EF71D /* Chienglish-Bridging-Header.h */,
				4D106D2722BBA515000EF71D /* Define.h */,
				4DC7367D22AE67FC0040FF0D /* Info.plist */,
				4DC7367A22AE67FC0040FF0D /* LaunchScreen.storyboard */,
			);
			name = Architecture;
			sourceTree = "<group>";
		};
		4D87A1C422C31C2800873D55 /* Community */ = {
			isa = PBXGroup;
			children = (
				4D87A1C522C31D6600873D55 /* CommunityListVC.swift */,
				4D87A1C722C31FA700873D55 /* CommunityListCell.swift */,
				4D87A1C822C31FA700873D55 /* CommunityListCell.xib */,
				4D87A1CB22C320AE00873D55 /* CommunityButtonsView.swift */,
				4D87A1CD22C320BB00873D55 /* CommunityButtonsView.xib */,
				4D87A1CF22C33F5D00873D55 /* ImageDisplayView.swift */,
				4D87A1D122C34A9400873D55 /* ImageDisplayView4.xib */,
				4D43FCC522CDA47C00874B61 /* CommunityDataModel.swift */,
			);
			path = Community;
			sourceTree = "<group>";
		};
		4DC7366522AE67FA0040FF0D = {
			isa = PBXGroup;
			children = (
				4DC7367022AE67FA0040FF0D /* Chienglish */,
				4DC7368522AE67FC0040FF0D /* ChienglishTests */,
				4DC7369022AE67FC0040FF0D /* ChienglishUITests */,
				4DC7366F22AE67FA0040FF0D /* Products */,
				33A0B276AC161F15A10CCC57 /* Pods */,
				5BBBA8833447D47D1AB7D561 /* Frameworks */,
			);
			sourceTree = "<group>";
		};
		4DC7366F22AE67FA0040FF0D /* Products */ = {
			isa = PBXGroup;
			children = (
				4DC7366E22AE67FA0040FF0D /* Chienglish.app */,
				4DC7368222AE67FC0040FF0D /* ChienglishTests.xctest */,
				4DC7368D22AE67FC0040FF0D /* ChienglishUITests.xctest */,
			);
			name = Products;
			sourceTree = "<group>";
		};
		4DC7367022AE67FA0040FF0D /* Chienglish */ = {
			isa = PBXGroup;
			children = (
				4DC7367822AE67FC0040FF0D /* Assets.xcassets */,
				4D2BAE5E22C46DE000CEDC7F /* Me */,
				4D4AB8A422BBA87400162D73 /* Architecture */,
				4D1C337722C0A904003F931C /* Base */,
				4D87A1C422C31C2800873D55 /* Community */,
				4D106D2922BBA731000EF71D /* Home */,
				4D106CF522BBA4FE000EF71D /* Tools */,
				4D1C339B22C0EA6E003F931C /* Others */,
				4D106D0422BBA4FE000EF71D /* Tabbar */,
			);
			path = Chienglish;
			sourceTree = "<group>";
		};
		4DC7368522AE67FC0040FF0D /* ChienglishTests */ = {
			isa = PBXGroup;
			children = (
				4DC7368622AE67FC0040FF0D /* ChienglishTests.swift */,
				4DC7368822AE67FC0040FF0D /* Info.plist */,
			);
			path = ChienglishTests;
			sourceTree = "<group>";
		};
		4DC7369022AE67FC0040FF0D /* ChienglishUITests */ = {
			isa = PBXGroup;
			children = (
				4DC7369122AE67FC0040FF0D /* ChienglishUITests.swift */,
				4DC7369322AE67FC0040FF0D /* Info.plist */,
			);
			path = ChienglishUITests;
			sourceTree = "<group>";
		};
		5BBBA8833447D47D1AB7D561 /* Frameworks */ = {
			isa = PBXGroup;
			children = (
				E15D7790DC92C90B8E9F0C04 /* Pods_Chienglish.framework */,
				7AEE4BE6D3D8FD6CCE507339 /* Pods_ChienglishTests.framework */,
				DE7DAA2F9630BB0EC28DADB0 /* Pods_ChienglishUITests.framework */,
			);
			name = Frameworks;
			sourceTree = "<group>";
		};
/* End PBXGroup section */

/* Begin PBXNativeTarget section */
		4DC7366D22AE67FA0040FF0D /* Chienglish */ = {
			isa = PBXNativeTarget;
			buildConfigurationList = 4DC7369622AE67FC0040FF0D /* Build configuration list for PBXNativeTarget "Chienglish" */;
			buildPhases = (
				15473576EA349EA298EEF67D /* [CP] Check Pods Manifest.lock */,
				4DC7366A22AE67FA0040FF0D /* Sources */,
				4DC7366B22AE67FA0040FF0D /* Frameworks */,
				4DC7366C22AE67FA0040FF0D /* Resources */,
				23D5C970961417782E1FBC1C /* [CP] Embed Pods Frameworks */,
			);
			buildRules = (
			);
			dependencies = (
			);
			name = Chienglish;
			productName = Chienglish;
			productReference = 4DC7366E22AE67FA0040FF0D /* Chienglish.app */;
			productType = "com.apple.product-type.application";
		};
		4DC7368122AE67FC0040FF0D /* ChienglishTests */ = {
			isa = PBXNativeTarget;
			buildConfigurationList = 4DC7369922AE67FC0040FF0D /* Build configuration list for PBXNativeTarget "ChienglishTests" */;
			buildPhases = (
				8C2432DC625CF08BE2C34758 /* [CP] Check Pods Manifest.lock */,
				4DC7367E22AE67FC0040FF0D /* Sources */,
				4DC7367F22AE67FC0040FF0D /* Frameworks */,
				4DC7368022AE67FC0040FF0D /* Resources */,
			);
			buildRules = (
			);
			dependencies = (
				4DC7368422AE67FC0040FF0D /* PBXTargetDependency */,
			);
			name = ChienglishTests;
			productName = ChienglishTests;
			productReference = 4DC7368222AE67FC0040FF0D /* ChienglishTests.xctest */;
			productType = "com.apple.product-type.bundle.unit-test";
		};
		4DC7368C22AE67FC0040FF0D /* ChienglishUITests */ = {
			isa = PBXNativeTarget;
			buildConfigurationList = 4DC7369C22AE67FC0040FF0D /* Build configuration list for PBXNativeTarget "ChienglishUITests" */;
			buildPhases = (
				18C9B0CA890B7554022A8F44 /* [CP] Check Pods Manifest.lock */,
				4DC7368922AE67FC0040FF0D /* Sources */,
				4DC7368A22AE67FC0040FF0D /* Frameworks */,
				4DC7368B22AE67FC0040FF0D /* Resources */,
			);
			buildRules = (
			);
			dependencies = (
				4DC7368F22AE67FC0040FF0D /* PBXTargetDependency */,
			);
			name = ChienglishUITests;
			productName = ChienglishUITests;
			productReference = 4DC7368D22AE67FC0040FF0D /* ChienglishUITests.xctest */;
			productType = "com.apple.product-type.bundle.ui-testing";
		};
/* End PBXNativeTarget section */

/* Begin PBXProject section */
		4DC7366622AE67FA0040FF0D /* Project object */ = {
			isa = PBXProject;
			attributes = {
				LastSwiftUpdateCheck = 1020;
				LastUpgradeCheck = 1020;
				ORGANIZATIONNAME = "谢嘉康";
				TargetAttributes = {
					4DC7366D22AE67FA0040FF0D = {
						CreatedOnToolsVersion = 10.2.1;
						LastSwiftMigration = 1020;
					};
					4DC7368122AE67FC0040FF0D = {
						CreatedOnToolsVersion = 10.2.1;
						TestTargetID = 4DC7366D22AE67FA0040FF0D;
					};
					4DC7368C22AE67FC0040FF0D = {
						CreatedOnToolsVersion = 10.2.1;
						TestTargetID = 4DC7366D22AE67FA0040FF0D;
					};
				};
			};
			buildConfigurationList = 4DC7366922AE67FA0040FF0D /* Build configuration list for PBXProject "Chienglish" */;
			compatibilityVersion = "Xcode 9.3";
			developmentRegion = en;
			hasScannedForEncodings = 0;
			knownRegions = (
				en,
				Base,
			);
			mainGroup = 4DC7366522AE67FA0040FF0D;
			productRefGroup = 4DC7366F22AE67FA0040FF0D /* Products */;
			projectDirPath = "";
			projectRoot = "";
			targets = (
				4DC7366D22AE67FA0040FF0D /* Chienglish */,
				4DC7368122AE67FC0040FF0D /* ChienglishTests */,
				4DC7368C22AE67FC0040FF0D /* ChienglishUITests */,
			);
		};
/* End PBXProject section */

/* Begin PBXResourcesBuildPhase section */
		4DC7366C22AE67FA0040FF0D /* Resources */ = {
			isa = PBXResourcesBuildPhase;
			buildActionMask = 2147483647;
			files = (
				4D2BAE6622C46DFC00CEDC7F /* MeItemCell.xib in Resources */,
				4D43FE5222CEFC4700874B61 /* loading12.png in Resources */,
				4D43FE5D22CEFC4700874B61 /* loading0.png in Resources */,
				4D43FE1C22CEF76300874B61 /* frame-36.png in Resources */,
				4D87A1D622C3675F00873D55 /* Fastfile in Resources */,
				4D43FE0422CEF76200874B61 /* frame-26.png in Resources */,
				4D43FE2222CEF76300874B61 /* frame-25.png in Resources */,
				4D43FCBB22C9EDC400874B61 /* SpeechRecognizerVC.xib in Resources */,
				4D43FE1722CEF76300874B61 /* frame-18.png in Resources */,
				4D43FE1122CEF76200874B61 /* frame-13.png in Resources */,
				4D43FE5C22CEFC4700874B61 /* loading18.png in Resources */,
				4D43FE4822CEFC4700874B61 /* loading20.png in Resources */,
				4D43FE0222CEF76200874B61 /* frame-1.png in Resources */,
				4D43FE5722CEFC4700874B61 /* loading19.png in Resources */,
				4D43FE5822CEFC4700874B61 /* loading7.png in Resources */,
				4D43FE4D22CEFC4700874B61 /* loading15.png in Resources */,
				4D43FE1522CEF76200874B61 /* frame-10.png in Resources */,
				4D43FE6022CEFC4700874B61 /* loading10.png in Resources */,
				4D43FE5022CEFC4700874B61 /* loading22.png in Resources */,
				4D43FE2422CEF76300874B61 /* frame-14.png in Resources */,
				4D43FE6222CEFC4700874B61 /* loading24.png in Resources */,
				4D43FE0B22CEF76200874B61 /* frame-11.png in Resources */,
				4D43FE1422CEF76200874B61 /* frame-28.png in Resources */,
				4D43FE5422CEFC4700874B61 /* loading8.png in Resources */,
				4D43FE4922CEFC4700874B61 /* loading27.png in Resources */,
				4D43FE0522CEF76200874B61 /* frame-7.png in Resources */,
				4D43FE5F22CEFC4700874B61 /* loading29.png in Resources */,
				4D43FE0A22CEF76200874B61 /* frame-37.png in Resources */,
				4D43FE0922CEF76200874B61 /* frame-34.png in Resources */,
				4D43FE0C22CEF76200874B61 /* frame-17.png in Resources */,
				4D43FE0E22CEF76200874B61 /* frame-33.png in Resources */,
				4D43FE6B22CF3D2C00874B61 /* HomeListVC.xib in Resources */,
				4D43FE6422CEFC4700874B61 /* loading25.png in Resources */,
				4D43FE0D22CEF76200874B61 /* frame-5.png in Resources */,
				4D43FE6522CEFC4700874B61 /* loading21.png in Resources */,
				4D43FE4C22CEFC4700874B61 /* loading14.png in Resources */,
				4D43FE1E22CEF76300874B61 /* frame-32.png in Resources */,
				4D43FE1622CEF76300874B61 /* frame-12.png in Resources */,
				4D43FE5622CEFC4700874B61 /* loading28.png in Resources */,
				4D43FE0822CEF76200874B61 /* frame-9.png in Resources */,
				4D43FE5922CEFC4700874B61 /* loading2.png in Resources */,
				4D43FE0F22CEF76200874B61 /* frame-30.png in Resources */,
				4D87A1C322C3130F00873D55 /* CommentCell.xib in Resources */,
				4D43FE1822CEF76300874B61 /* frame-4.png in Resources */,
				4D43FE7322CF4C6C00874B61 /* HomeDetailVC.xib in Resources */,
				4D43FE5E22CEFC4700874B61 /* loading17.png in Resources */,
				4D43FE4F22CEFC4700874B61 /* loading6.png in Resources */,
				4D43FE2522CEF76300874B61 /* frame-3.png in Resources */,
				4D43FE2122CEF76300874B61 /* frame-21.png in Resources */,
				4D2BAE6522C46DFC00CEDC7F /* MeAvatarCell.xib in Resources */,
				4DC7367C22AE67FC0040FF0D /* LaunchScreen.storyboard in Resources */,
				4D43FE1B22CEF76300874B61 /* frame-29.png in Resources */,
				4D43FE0722CEF76200874B61 /* frame-24.png in Resources */,
				4D43FE5522CEFC4700874B61 /* loading9.png in Resources */,
				4D43FE2722CEF76300874B61 /* frame-15.png in Resources */,
				4D43FE2322CEF76300874B61 /* frame-22.png in Resources */,
				4D43FE1022CEF76200874B61 /* frame-0.png in Resources */,
				4D43FE1222CEF76200874B61 /* frame-6.png in Resources */,
				4DC7367922AE67FC0040FF0D /* Assets.xcassets in Resources */,
				4D43FE2022CEF76300874B61 /* frame-2.png in Resources */,
				4D43FE4E22CEFC4700874B61 /* loading16.png in Resources */,
				4D43FE1A22CEF76300874B61 /* frame-31.png in Resources */,
				4D87A1D522C3675F00873D55 /* Appfile in Resources */,
				4D43FE6722CF388400874B61 /* HomeImageView.xib in Resources */,
				4D43FE0622CEF76200874B61 /* frame-35.png in Resources */,
				4D43FE2822CEF76300874B61 /* frame-20.png in Resources */,
				4D43FE1F22CEF76300874B61 /* frame-23.png in Resources */,
				4D43FE5A22CEFC4700874B61 /* loading11.png in Resources */,
				4D87A1CA22C31FA700873D55 /* CommunityListCell.xib in Resources */,
				4D43FE1922CEF76300874B61 /* frame-27.png in Resources */,
				4D43FE1D22CEF76300874B61 /* frame-38.png in Resources */,
				4D43FE0322CEF76200874B61 /* frame-16.png in Resources */,
				4D43FE1322CEF76200874B61 /* frame-19.png in Resources */,
				4D43FE2922CEF76300874B61 /* frame-39.png in Resources */,
				4D43FE4B22CEFC4700874B61 /* loading3.png in Resources */,
				4D43FE5322CEFC4700874B61 /* loading4.png in Resources */,
				4D43FE6122CEFC4700874B61 /* loading1.png in Resources */,
				4D43FE5B22CEFC4700874B61 /* loading13.png in Resources */,
				4D4AB8A822BC7BBA00162D73 /* WordTextCell.xib in Resources */,
				4D43FE4A22CEFC4700874B61 /* loading23.png in Resources */,
				4D87A1CE22C320BB00873D55 /* CommunityButtonsView.xib in Resources */,
				4D87A1D222C34A9400873D55 /* ImageDisplayView4.xib in Resources */,
				4D4AB8AC22BCBAB700162D73 /* LabelCell.xib in Resources */,
				4D43FE2622CEF76300874B61 /* frame-8.png in Resources */,
				4D43FE5122CEFC4700874B61 /* loading5.png in Resources */,
				4D43FE6322CEFC4700874B61 /* loading26.png in Resources */,
			);
			runOnlyForDeploymentPostprocessing = 0;
		};
		4DC7368022AE67FC0040FF0D /* Resources */ = {
			isa = PBXResourcesBuildPhase;
			buildActionMask = 2147483647;
			files = (
			);
			runOnlyForDeploymentPostprocessing = 0;
		};
		4DC7368B22AE67FC0040FF0D /* Resources */ = {
			isa = PBXResourcesBuildPhase;
			buildActionMask = 2147483647;
			files = (
			);
			runOnlyForDeploymentPostprocessing = 0;
		};
/* End PBXResourcesBuildPhase section */

/* Begin PBXShellScriptBuildPhase section */
		15473576EA349EA298EEF67D /* [CP] Check Pods Manifest.lock */ = {
			isa = PBXShellScriptBuildPhase;
			buildActionMask = 2147483647;
			files = (
			);
			inputFileListPaths = (
			);
			inputPaths = (
				"${PODS_PODFILE_DIR_PATH}/Podfile.lock",
				"${PODS_ROOT}/Manifest.lock",
			);
			name = "[CP] Check Pods Manifest.lock";
			outputFileListPaths = (
			);
			outputPaths = (
				"$(DERIVED_FILE_DIR)/Pods-Chienglish-checkManifestLockResult.txt",
			);
			runOnlyForDeploymentPostprocessing = 0;
			shellPath = /bin/sh;
			shellScript = "diff \"${PODS_PODFILE_DIR_PATH}/Podfile.lock\" \"${PODS_ROOT}/Manifest.lock\" > /dev/null\nif [ $? != 0 ] ; then\n    # print error to STDERR\n    echo \"error: The sandbox is not in sync with the Podfile.lock. Run 'pod install' or update your CocoaPods installation.\" >&2\n    exit 1\nfi\n# This output is used by Xcode 'outputs' to avoid re-running this script phase.\necho \"SUCCESS\" > \"${SCRIPT_OUTPUT_FILE_0}\"\n";
			showEnvVarsInLog = 0;
		};
		18C9B0CA890B7554022A8F44 /* [CP] Check Pods Manifest.lock */ = {
			isa = PBXShellScriptBuildPhase;
			buildActionMask = 2147483647;
			files = (
			);
			inputFileListPaths = (
			);
			inputPaths = (
				"${PODS_PODFILE_DIR_PATH}/Podfile.lock",
				"${PODS_ROOT}/Manifest.lock",
			);
			name = "[CP] Check Pods Manifest.lock";
			outputFileListPaths = (
			);
			outputPaths = (
				"$(DERIVED_FILE_DIR)/Pods-ChienglishUITests-checkManifestLockResult.txt",
			);
			runOnlyForDeploymentPostprocessing = 0;
			shellPath = /bin/sh;
			shellScript = "diff \"${PODS_PODFILE_DIR_PATH}/Podfile.lock\" \"${PODS_ROOT}/Manifest.lock\" > /dev/null\nif [ $? != 0 ] ; then\n    # print error to STDERR\n    echo \"error: The sandbox is not in sync with the Podfile.lock. Run 'pod install' or update your CocoaPods installation.\" >&2\n    exit 1\nfi\n# This output is used by Xcode 'outputs' to avoid re-running this script phase.\necho \"SUCCESS\" > \"${SCRIPT_OUTPUT_FILE_0}\"\n";
			showEnvVarsInLog = 0;
		};
		23D5C970961417782E1FBC1C /* [CP] Embed Pods Frameworks */ = {
			isa = PBXShellScriptBuildPhase;
			buildActionMask = 2147483647;
			files = (
			);
			inputFileListPaths = (
			);
			inputPaths = (
				"${PODS_ROOT}/Target Support Files/Pods-Chienglish/Pods-Chienglish-frameworks.sh",
				"${BUILT_PRODUCTS_DIR}/Alamofire/Alamofire.framework",
				"${BUILT_PRODUCTS_DIR}/AlamofireImage/AlamofireImage.framework",
				"${BUILT_PRODUCTS_DIR}/HandyJSON/HandyJSON.framework",
				"${BUILT_PRODUCTS_DIR}/KUIPopOver/KUIPopOver.framework",
				"${BUILT_PRODUCTS_DIR}/MJRefresh/MJRefresh.framework",
				"${BUILT_PRODUCTS_DIR}/Masonry/Masonry.framework",
				"${BUILT_PRODUCTS_DIR}/SKPhotoBrowser/SKPhotoBrowser.framework",
				"${BUILT_PRODUCTS_DIR}/SwiftMessages/SwiftMessages.framework",
			);
			name = "[CP] Embed Pods Frameworks";
			outputFileListPaths = (
			);
			outputPaths = (
				"${TARGET_BUILD_DIR}/${FRAMEWORKS_FOLDER_PATH}/Alamofire.framework",
				"${TARGET_BUILD_DIR}/${FRAMEWORKS_FOLDER_PATH}/AlamofireImage.framework",
				"${TARGET_BUILD_DIR}/${FRAMEWORKS_FOLDER_PATH}/HandyJSON.framework",
				"${TARGET_BUILD_DIR}/${FRAMEWORKS_FOLDER_PATH}/KUIPopOver.framework",
				"${TARGET_BUILD_DIR}/${FRAMEWORKS_FOLDER_PATH}/MJRefresh.framework",
				"${TARGET_BUILD_DIR}/${FRAMEWORKS_FOLDER_PATH}/Masonry.framework",
				"${TARGET_BUILD_DIR}/${FRAMEWORKS_FOLDER_PATH}/SKPhotoBrowser.framework",
				"${TARGET_BUILD_DIR}/${FRAMEWORKS_FOLDER_PATH}/SwiftMessages.framework",
			);
			runOnlyForDeploymentPostprocessing = 0;
			shellPath = /bin/sh;
			shellScript = "\"${PODS_ROOT}/Target Support Files/Pods-Chienglish/Pods-Chienglish-frameworks.sh\"\n";
			showEnvVarsInLog = 0;
		};
		8C2432DC625CF08BE2C34758 /* [CP] Check Pods Manifest.lock */ = {
			isa = PBXShellScriptBuildPhase;
			buildActionMask = 2147483647;
			files = (
			);
			inputFileListPaths = (
			);
			inputPaths = (
				"${PODS_PODFILE_DIR_PATH}/Podfile.lock",
				"${PODS_ROOT}/Manifest.lock",
			);
			name = "[CP] Check Pods Manifest.lock";
			outputFileListPaths = (
			);
			outputPaths = (
				"$(DERIVED_FILE_DIR)/Pods-ChienglishTests-checkManifestLockResult.txt",
			);
			runOnlyForDeploymentPostprocessing = 0;
			shellPath = /bin/sh;
			shellScript = "diff \"${PODS_PODFILE_DIR_PATH}/Podfile.lock\" \"${PODS_ROOT}/Manifest.lock\" > /dev/null\nif [ $? != 0 ] ; then\n    # print error to STDERR\n    echo \"error: The sandbox is not in sync with the Podfile.lock. Run 'pod install' or update your CocoaPods installation.\" >&2\n    exit 1\nfi\n# This output is used by Xcode 'outputs' to avoid re-running this script phase.\necho \"SUCCESS\" > \"${SCRIPT_OUTPUT_FILE_0}\"\n";
			showEnvVarsInLog = 0;
		};
/* End PBXShellScriptBuildPhase section */

/* Begin PBXSourcesBuildPhase section */
		4DC7366A22AE67FA0040FF0D /* Sources */ = {
			isa = PBXSourcesBuildPhase;
			buildActionMask = 2147483647;
			files = (
				4D1C338822C0ACEF003F931C /* CGVector+Extensions.swift in Sources */,
				4D106D1C22BBA4FE000EF71D /* Tabbar.m in Sources */,
				4D87A1C622C31D6600873D55 /* CommunityListVC.swift in Sources */,
				4D43FCC622CDA47C00874B61 /* CommunityDataModel.swift in Sources */,
				4D1C338A22C0ACEF003F931C /* SKTTimingFunctions.swift in Sources */,
				4D1C339622C0DF3E003F931C /* IBInspectable.swift in Sources */,
				4D43FE6D22CF486300874B61 /* HomeListCell.swift in Sources */,
				4DC736A022B1ED7E0040FF0D /* WordTextView.swift in Sources */,
				4D2BAE6422C46DFC00CEDC7F /* MeAvatarCell.swift in Sources */,
				4D1C339122C0ACEF003F931C /* Vector3.swift in Sources */,
				4D1C338E22C0ACEF003F931C /* CGPoint+Extensions.swift in Sources */,
				4D106D1522BBA4FE000EF71D /* CenterViewController.m in Sources */,
				4D2BAE6822C46DFC00CEDC7F /* MeVC.swift in Sources */,
				4D43FCC022CAE89300874B61 /* XNetwork.swift in Sources */,
				4D106D1A22BBA4FE000EF71D /* MineViewController.m in Sources */,
				4D106D1722BBA4FE000EF71D /* CommunityViewController.m in Sources */,
				4D1C338D22C0ACEF003F931C /* SKNode+Extensions.swift in Sources */,
				4D87A1CC22C320AE00873D55 /* CommunityButtonsView.swift in Sources */,
				4D43FE7222CF4C6C00874B61 /* HomeDetailVC.swift in Sources */,
				4D4AB8A722BC7BBA00162D73 /* WordTextCell.swift in Sources */,
				4D1C338C22C0ACEF003F931C /* SKAction+SpecialEffects.swift in Sources */,
				4D1C338B22C0ACEF003F931C /* SKAction+Extensions.swift in Sources */,
				4D1C338722C0ACEF003F931C /* SKColor+Extensions.swift in Sources */,
				4D1C339422C0B45F003F931C /* XReferenceVC.swift in Sources */,
				4D2BAE6C22C5EC9D00CEDC7F /* XSpeechControl.swift in Sources */,
				4D106D1822BBA4FE000EF71D /* UILabel+Size.m in Sources */,
				4D1C339822C0DF75003F931C /* PMSuperButton.swift in Sources */,
				4D43FE6F22CF494000874B61 /* HomeImageView.swift in Sources */,
				4D87A1D022C33F5D00873D55 /* ImageDisplayView.swift in Sources */,
				4D43FCBE22C9FBBA00874B61 /* KYWaterWaveView.m in Sources */,
				4D87A1C922C31FA700873D55 /* CommunityListCell.swift in Sources */,
				4D43FCC222CC3D8800874B61 /* HomeDataModel.swift in Sources */,
				4D1C339222C0ACEF003F931C /* CGFloat+Extensions.swift in Sources */,
				4D106D1B22BBA4FE000EF71D /* TabBarController.m in Sources */,
				4D1C338F22C0ACEF003F931C /* SKTEffects.swift in Sources */,
				4D87A1C222C3130F00873D55 /* CommentCell.swift in Sources */,
				4D2BAE6722C46DFC00CEDC7F /* MeItemCell.swift in Sources */,
				4D43FCC422CC967E00874B61 /* HomeCell.swift in Sources */,
				4D1C339A22C0E077003F931C /* NotiView.swift in Sources */,
				4D106CF322BBA4DF000EF71D /* HomeDetailViewController.m in Sources */,
				4D1C337922C0ACAE003F931C /* Convenient.swift in Sources */,
				4D1C337522C0A8EF003F931C /* Router.swift in Sources */,
				4D4AB8AB22BCBAB700162D73 /* LabelCell.swift in Sources */,
				4D43FE6A22CF3D2C00874B61 /* HomeListVC.swift in Sources */,
				4DC7367222AE67FA0040FF0D /* AppDelegate.swift in Sources */,
				4D106CF422BBA4DF000EF71D /* HomeViewController.m in Sources */,
				4D106D1922BBA4FE000EF71D /* UIColor+ConvertColor.m in Sources */,
				4D1C338922C0ACEF003F931C /* Int+Extensions.swift in Sources */,
				4D43FCBA22C9EDC400874B61 /* SpeechRecognizerVC.swift in Sources */,
				4D1C339022C0ACEF003F931C /* SKTAudio.swift in Sources */,
				4D106D1422BBA4FE000EF71D /* FunctionViewController.m in Sources */,
				4D106D1622BBA4FE000EF71D /* WBTool.m in Sources */,
			);
			runOnlyForDeploymentPostprocessing = 0;
		};
		4DC7367E22AE67FC0040FF0D /* Sources */ = {
			isa = PBXSourcesBuildPhase;
			buildActionMask = 2147483647;
			files = (
				4DC7368722AE67FC0040FF0D /* ChienglishTests.swift in Sources */,
			);
			runOnlyForDeploymentPostprocessing = 0;
		};
		4DC7368922AE67FC0040FF0D /* Sources */ = {
			isa = PBXSourcesBuildPhase;
			buildActionMask = 2147483647;
			files = (
				4DC7369222AE67FC0040FF0D /* ChienglishUITests.swift in Sources */,
			);
			runOnlyForDeploymentPostprocessing = 0;
		};
/* End PBXSourcesBuildPhase section */

/* Begin PBXTargetDependency section */
		4DC7368422AE67FC0040FF0D /* PBXTargetDependency */ = {
			isa = PBXTargetDependency;
			target = 4DC7366D22AE67FA0040FF0D /* Chienglish */;
			targetProxy = 4DC7368322AE67FC0040FF0D /* PBXContainerItemProxy */;
		};
		4DC7368F22AE67FC0040FF0D /* PBXTargetDependency */ = {
			isa = PBXTargetDependency;
			target = 4DC7366D22AE67FA0040FF0D /* Chienglish */;
			targetProxy = 4DC7368E22AE67FC0040FF0D /* PBXContainerItemProxy */;
		};
/* End PBXTargetDependency section */

/* Begin PBXVariantGroup section */
		4DC7367A22AE67FC0040FF0D /* LaunchScreen.storyboard */ = {
			isa = PBXVariantGroup;
			children = (
				4DC7367B22AE67FC0040FF0D /* Base */,
			);
			name = LaunchScreen.storyboard;
			sourceTree = "<group>";
		};
/* End PBXVariantGroup section */

/* Begin XCBuildConfiguration section */
		4DC7369422AE67FC0040FF0D /* Debug */ = {
			isa = XCBuildConfiguration;
			buildSettings = {
				ALWAYS_SEARCH_USER_PATHS = NO;
				CLANG_ANALYZER_NONNULL = YES;
				CLANG_ANALYZER_NUMBER_OBJECT_CONVERSION = YES_AGGRESSIVE;
				CLANG_CXX_LANGUAGE_STANDARD = "gnu++14";
				CLANG_CXX_LIBRARY = "libc++";
				CLANG_ENABLE_MODULES = YES;
				CLANG_ENABLE_OBJC_ARC = YES;
				CLANG_ENABLE_OBJC_WEAK = YES;
				CLANG_WARN_BLOCK_CAPTURE_AUTORELEASING = YES;
				CLANG_WARN_BOOL_CONVERSION = YES;
				CLANG_WARN_COMMA = YES;
				CLANG_WARN_CONSTANT_CONVERSION = YES;
				CLANG_WARN_DEPRECATED_OBJC_IMPLEMENTATIONS = YES;
				CLANG_WARN_DIRECT_OBJC_ISA_USAGE = YES_ERROR;
				CLANG_WARN_DOCUMENTATION_COMMENTS = YES;
				CLANG_WARN_EMPTY_BODY = YES;
				CLANG_WARN_ENUM_CONVERSION = YES;
				CLANG_WARN_INFINITE_RECURSION = YES;
				CLANG_WARN_INT_CONVERSION = YES;
				CLANG_WARN_NON_LITERAL_NULL_CONVERSION = YES;
				CLANG_WARN_OBJC_IMPLICIT_RETAIN_SELF = YES;
				CLANG_WARN_OBJC_LITERAL_CONVERSION = YES;
				CLANG_WARN_OBJC_ROOT_CLASS = YES_ERROR;
				CLANG_WARN_RANGE_LOOP_ANALYSIS = YES;
				CLANG_WARN_STRICT_PROTOTYPES = YES;
				CLANG_WARN_SUSPICIOUS_MOVE = YES;
				CLANG_WARN_UNGUARDED_AVAILABILITY = YES_AGGRESSIVE;
				CLANG_WARN_UNREACHABLE_CODE = YES;
				CLANG_WARN__DUPLICATE_METHOD_MATCH = YES;
				CODE_SIGN_IDENTITY = "iPhone Developer";
				COPY_PHASE_STRIP = NO;
				DEBUG_INFORMATION_FORMAT = dwarf;
				ENABLE_STRICT_OBJC_MSGSEND = YES;
				ENABLE_TESTABILITY = YES;
				GCC_C_LANGUAGE_STANDARD = gnu11;
				GCC_DYNAMIC_NO_PIC = NO;
				GCC_NO_COMMON_BLOCKS = YES;
				GCC_OPTIMIZATION_LEVEL = 0;
				GCC_PREPROCESSOR_DEFINITIONS = (
					"DEBUG=1",
					"$(inherited)",
				);
				GCC_WARN_64_TO_32_BIT_CONVERSION = YES;
				GCC_WARN_ABOUT_RETURN_TYPE = YES_ERROR;
				GCC_WARN_UNDECLARED_SELECTOR = YES;
				GCC_WARN_UNINITIALIZED_AUTOS = YES_AGGRESSIVE;
				GCC_WARN_UNUSED_FUNCTION = YES;
				GCC_WARN_UNUSED_VARIABLE = YES;
				IPHONEOS_DEPLOYMENT_TARGET = 12.2;
				MTL_ENABLE_DEBUG_INFO = INCLUDE_SOURCE;
				MTL_FAST_MATH = YES;
				ONLY_ACTIVE_ARCH = YES;
				SDKROOT = iphoneos;
				SWIFT_ACTIVE_COMPILATION_CONDITIONS = DEBUG;
				SWIFT_OPTIMIZATION_LEVEL = "-Onone";
			};
			name = Debug;
		};
		4DC7369522AE67FC0040FF0D /* Release */ = {
			isa = XCBuildConfiguration;
			buildSettings = {
				ALWAYS_SEARCH_USER_PATHS = NO;
				CLANG_ANALYZER_NONNULL = YES;
				CLANG_ANALYZER_NUMBER_OBJECT_CONVERSION = YES_AGGRESSIVE;
				CLANG_CXX_LANGUAGE_STANDARD = "gnu++14";
				CLANG_CXX_LIBRARY = "libc++";
				CLANG_ENABLE_MODULES = YES;
				CLANG_ENABLE_OBJC_ARC = YES;
				CLANG_ENABLE_OBJC_WEAK = YES;
				CLANG_WARN_BLOCK_CAPTURE_AUTORELEASING = YES;
				CLANG_WARN_BOOL_CONVERSION = YES;
				CLANG_WARN_COMMA = YES;
				CLANG_WARN_CONSTANT_CONVERSION = YES;
				CLANG_WARN_DEPRECATED_OBJC_IMPLEMENTATIONS = YES;
				CLANG_WARN_DIRECT_OBJC_ISA_USAGE = YES_ERROR;
				CLANG_WARN_DOCUMENTATION_COMMENTS = YES;
				CLANG_WARN_EMPTY_BODY = YES;
				CLANG_WARN_ENUM_CONVERSION = YES;
				CLANG_WARN_INFINITE_RECURSION = YES;
				CLANG_WARN_INT_CONVERSION = YES;
				CLANG_WARN_NON_LITERAL_NULL_CONVERSION = YES;
				CLANG_WARN_OBJC_IMPLICIT_RETAIN_SELF = YES;
				CLANG_WARN_OBJC_LITERAL_CONVERSION = YES;
				CLANG_WARN_OBJC_ROOT_CLASS = YES_ERROR;
				CLANG_WARN_RANGE_LOOP_ANALYSIS = YES;
				CLANG_WARN_STRICT_PROTOTYPES = YES;
				CLANG_WARN_SUSPICIOUS_MOVE = YES;
				CLANG_WARN_UNGUARDED_AVAILABILITY = YES_AGGRESSIVE;
				CLANG_WARN_UNREACHABLE_CODE = YES;
				CLANG_WARN__DUPLICATE_METHOD_MATCH = YES;
				CODE_SIGN_IDENTITY = "iPhone Developer";
				COPY_PHASE_STRIP = NO;
				DEBUG_INFORMATION_FORMAT = "dwarf-with-dsym";
				ENABLE_NS_ASSERTIONS = NO;
				ENABLE_STRICT_OBJC_MSGSEND = YES;
				GCC_C_LANGUAGE_STANDARD = gnu11;
				GCC_NO_COMMON_BLOCKS = YES;
				GCC_WARN_64_TO_32_BIT_CONVERSION = YES;
				GCC_WARN_ABOUT_RETURN_TYPE = YES_ERROR;
				GCC_WARN_UNDECLARED_SELECTOR = YES;
				GCC_WARN_UNINITIALIZED_AUTOS = YES_AGGRESSIVE;
				GCC_WARN_UNUSED_FUNCTION = YES;
				GCC_WARN_UNUSED_VARIABLE = YES;
				IPHONEOS_DEPLOYMENT_TARGET = 12.2;
				MTL_ENABLE_DEBUG_INFO = NO;
				MTL_FAST_MATH = YES;
				SDKROOT = iphoneos;
				SWIFT_COMPILATION_MODE = wholemodule;
				SWIFT_OPTIMIZATION_LEVEL = "-O";
				VALIDATE_PRODUCT = YES;
			};
			name = Release;
		};
		4DC7369722AE67FC0040FF0D /* Debug */ = {
			isa = XCBuildConfiguration;
			baseConfigurationReference = C1AED8E5A4E8ECB1846721F4 /* Pods-Chienglish.debug.xcconfig */;
			buildSettings = {
				ASSETCATALOG_COMPILER_APPICON_NAME = AppIcon;
				CLANG_ENABLE_MODULES = YES;
				CODE_SIGN_STYLE = Automatic;
				DEVELOPMENT_TEAM = 7WYJD84DF5;
				INFOPLIST_FILE = Chienglish/Info.plist;
				IPHONEOS_DEPLOYMENT_TARGET = 10;
				LD_RUNPATH_SEARCH_PATHS = (
					"$(inherited)",
					"@executable_path/Frameworks",
				);
				PRODUCT_BUNDLE_IDENTIFIER = Xtuphe.Chienglish;
				PRODUCT_NAME = "$(TARGET_NAME)";
				SWIFT_OBJC_BRIDGING_HEADER = "Chienglish/Chienglish-Bridging-Header.h";
				SWIFT_OPTIMIZATION_LEVEL = "-Onone";
				SWIFT_VERSION = 5.0;
				TARGETED_DEVICE_FAMILY = "1,2";
			};
			name = Debug;
		};
		4DC7369822AE67FC0040FF0D /* Release */ = {
			isa = XCBuildConfiguration;
			baseConfigurationReference = 587FC3FB20AA439A9D8AD64A /* Pods-Chienglish.release.xcconfig */;
			buildSettings = {
				ASSETCATALOG_COMPILER_APPICON_NAME = AppIcon;
				CLANG_ENABLE_MODULES = YES;
				CODE_SIGN_STYLE = Automatic;
				DEVELOPMENT_TEAM = 7WYJD84DF5;
				INFOPLIST_FILE = Chienglish/Info.plist;
				IPHONEOS_DEPLOYMENT_TARGET = 10;
				LD_RUNPATH_SEARCH_PATHS = (
					"$(inherited)",
					"@executable_path/Frameworks",
				);
				PRODUCT_BUNDLE_IDENTIFIER = Xtuphe.Chienglish;
				PRODUCT_NAME = "$(TARGET_NAME)";
				SWIFT_OBJC_BRIDGING_HEADER = "Chienglish/Chienglish-Bridging-Header.h";
				SWIFT_VERSION = 5.0;
				TARGETED_DEVICE_FAMILY = "1,2";
			};
			name = Release;
		};
		4DC7369A22AE67FC0040FF0D /* Debug */ = {
			isa = XCBuildConfiguration;
			baseConfigurationReference = 2C27BC11FD44E49E8E2727CE /* Pods-ChienglishTests.debug.xcconfig */;
			buildSettings = {
				ALWAYS_EMBED_SWIFT_STANDARD_LIBRARIES = YES;
				BUNDLE_LOADER = "$(TEST_HOST)";
				CODE_SIGN_STYLE = Automatic;
				DEVELOPMENT_TEAM = LMN4QCWJBN;
				INFOPLIST_FILE = ChienglishTests/Info.plist;
				LD_RUNPATH_SEARCH_PATHS = (
					"$(inherited)",
					"@executable_path/Frameworks",
					"@loader_path/Frameworks",
				);
				PRODUCT_BUNDLE_IDENTIFIER = Xtuphe.ChienglishTests;
				PRODUCT_NAME = "$(TARGET_NAME)";
				SWIFT_VERSION = 5.0;
				TARGETED_DEVICE_FAMILY = "1,2";
				TEST_HOST = "$(BUILT_PRODUCTS_DIR)/Chienglish.app/Chienglish";
			};
			name = Debug;
		};
		4DC7369B22AE67FC0040FF0D /* Release */ = {
			isa = XCBuildConfiguration;
			baseConfigurationReference = 9C5FED3A58319A7B9DCA8306 /* Pods-ChienglishTests.release.xcconfig */;
			buildSettings = {
				ALWAYS_EMBED_SWIFT_STANDARD_LIBRARIES = YES;
				BUNDLE_LOADER = "$(TEST_HOST)";
				CODE_SIGN_STYLE = Automatic;
				DEVELOPMENT_TEAM = LMN4QCWJBN;
				INFOPLIST_FILE = ChienglishTests/Info.plist;
				LD_RUNPATH_SEARCH_PATHS = (
					"$(inherited)",
					"@executable_path/Frameworks",
					"@loader_path/Frameworks",
				);
				PRODUCT_BUNDLE_IDENTIFIER = Xtuphe.ChienglishTests;
				PRODUCT_NAME = "$(TARGET_NAME)";
				SWIFT_VERSION = 5.0;
				TARGETED_DEVICE_FAMILY = "1,2";
				TEST_HOST = "$(BUILT_PRODUCTS_DIR)/Chienglish.app/Chienglish";
			};
			name = Release;
		};
		4DC7369D22AE67FC0040FF0D /* Debug */ = {
			isa = XCBuildConfiguration;
			baseConfigurationReference = FEDC832EACE707DC6F272F79 /* Pods-ChienglishUITests.debug.xcconfig */;
			buildSettings = {
				ALWAYS_EMBED_SWIFT_STANDARD_LIBRARIES = YES;
				CODE_SIGN_STYLE = Automatic;
				DEVELOPMENT_TEAM = LMN4QCWJBN;
				INFOPLIST_FILE = ChienglishUITests/Info.plist;
				LD_RUNPATH_SEARCH_PATHS = (
					"$(inherited)",
					"@executable_path/Frameworks",
					"@loader_path/Frameworks",
				);
				PRODUCT_BUNDLE_IDENTIFIER = Xtuphe.ChienglishUITests;
				PRODUCT_NAME = "$(TARGET_NAME)";
				SWIFT_VERSION = 5.0;
				TARGETED_DEVICE_FAMILY = "1,2";
				TEST_TARGET_NAME = Chienglish;
			};
			name = Debug;
		};
		4DC7369E22AE67FC0040FF0D /* Release */ = {
			isa = XCBuildConfiguration;
			baseConfigurationReference = B5CB9941D1FDED97BFE2C209 /* Pods-ChienglishUITests.release.xcconfig */;
			buildSettings = {
				ALWAYS_EMBED_SWIFT_STANDARD_LIBRARIES = YES;
				CODE_SIGN_STYLE = Automatic;
				DEVELOPMENT_TEAM = LMN4QCWJBN;
				INFOPLIST_FILE = ChienglishUITests/Info.plist;
				LD_RUNPATH_SEARCH_PATHS = (
					"$(inherited)",
					"@executable_path/Frameworks",
					"@loader_path/Frameworks",
				);
				PRODUCT_BUNDLE_IDENTIFIER = Xtuphe.ChienglishUITests;
				PRODUCT_NAME = "$(TARGET_NAME)";
				SWIFT_VERSION = 5.0;
				TARGETED_DEVICE_FAMILY = "1,2";
				TEST_TARGET_NAME = Chienglish;
			};
			name = Release;
		};
/* End XCBuildConfiguration section */

/* Begin XCConfigurationList section */
		4DC7366922AE67FA0040FF0D /* Build configuration list for PBXProject "Chienglish" */ = {
			isa = XCConfigurationList;
			buildConfigurations = (
				4DC7369422AE67FC0040FF0D /* Debug */,
				4DC7369522AE67FC0040FF0D /* Release */,
			);
			defaultConfigurationIsVisible = 0;
			defaultConfigurationName = Release;
		};
		4DC7369622AE67FC0040FF0D /* Build configuration list for PBXNativeTarget "Chienglish" */ = {
			isa = XCConfigurationList;
			buildConfigurations = (
				4DC7369722AE67FC0040FF0D /* Debug */,
				4DC7369822AE67FC0040FF0D /* Release */,
			);
			defaultConfigurationIsVisible = 0;
			defaultConfigurationName = Release;
		};
		4DC7369922AE67FC0040FF0D /* Build configuration list for PBXNativeTarget "ChienglishTests" */ = {
			isa = XCConfigurationList;
			buildConfigurations = (
				4DC7369A22AE67FC0040FF0D /* Debug */,
				4DC7369B22AE67FC0040FF0D /* Release */,
			);
			defaultConfigurationIsVisible = 0;
			defaultConfigurationName = Release;
		};
		4DC7369C22AE67FC0040FF0D /* Build configuration list for PBXNativeTarget "ChienglishUITests" */ = {
			isa = XCConfigurationList;
			buildConfigurations = (
				4DC7369D22AE67FC0040FF0D /* Debug */,
				4DC7369E22AE67FC0040FF0D /* Release */,
			);
			defaultConfigurationIsVisible = 0;
			defaultConfigurationName = Release;
		};
/* End XCConfigurationList section */
	};
	rootObject = 4DC7366622AE67FA0040FF0D /* Project object */;
}
